// !$*UTF8*$!
{
	archiveVersion = 1;
	classes = {
	};
	objectVersion = 56;
	objects = {

/* Begin PBXBuildFile section */
		2B48D912F9612D3C4B448760 /* Pods_yatriMitra_yatriMitraUITests.framework in Frameworks */ = {isa = PBXBuildFile; fileRef = F249996C8847D1B133EFB974 /* Pods_yatriMitra_yatriMitraUITests.framework */; };
		664C752E2E6EE9DE00B2AEFC /* NotiTone.caf in Resources */ = {isa = PBXBuildFile; fileRef = 664C752D2E6EE9DE00B2AEFC /* NotiTone.caf */; };
		8F016A942C35342D00FB8846 /* WelcomeViewController.swift in Sources */ = {isa = PBXBuildFile; fileRef = 8F016A932C35342D00FB8846 /* WelcomeViewController.swift */; };
		8F3228572C2565E000A46F3F /* RideConfirmViewController.swift in Sources */ = {isa = PBXBuildFile; fileRef = 8F3228562C2565E000A46F3F /* RideConfirmViewController.swift */; };
		8F3737892C2A8C640007DFED /* RegistrationViewController.swift in Sources */ = {isa = PBXBuildFile; fileRef = 8F3737882C2A8C640007DFED /* RegistrationViewController.swift */; };
		8FA188FA2C3D105300B2671C /* Reachability.swift in Sources */ = {isa = PBXBuildFile; fileRef = 8FA188F92C3D105300B2671C /* Reachability.swift */; };
		8FA188FE2C3D135700B2671C /* ToastView.swift in Sources */ = {isa = PBXBuildFile; fileRef = 8FA188FD2C3D135700B2671C /* ToastView.swift */; };
		8FC1DE742E16A48400C9DCE8 /* FacebookCore in Frameworks */ = {isa = PBXBuildFile; productRef = 8FC1DE732E16A48400C9DCE8 /* FacebookCore */; };
		8FC1DE762E16A48400C9DCE8 /* FacebookLogin in Frameworks */ = {isa = PBXBuildFile; productRef = 8FC1DE752E16A48400C9DCE8 /* FacebookLogin */; };
		8FC1DE782E16A48400C9DCE8 /* FacebookShare in Frameworks */ = {isa = PBXBuildFile; productRef = 8FC1DE772E16A48400C9DCE8 /* FacebookShare */; };
		8FCF9B292C4105E3005C026E /* BlurView.swift in Sources */ = {isa = PBXBuildFile; fileRef = 8FCF9B282C4105E3005C026E /* BlurView.swift */; };
		954C9F9928C2C250B29A8857 /* Pods_yatriMitra.framework in Frameworks */ = {isa = PBXBuildFile; fileRef = 36F5F596DCFA365F3FC23959 /* Pods_yatriMitra.framework */; };
		9E486A8C2D39633B00C389D0 /* TermsandConditionsViewController.swift in Sources */ = {isa = PBXBuildFile; fileRef = 9E486A8B2D39633B00C389D0 /* TermsandConditionsViewController.swift */; };
		9E486A8E2D396F9300C389D0 /* PrivacyPolicyViewController.swift in Sources */ = {isa = PBXBuildFile; fileRef = 9E486A8D2D396F9300C389D0 /* PrivacyPolicyViewController.swift */; };
		AD2ADFCF80B4C103DE2D6243 /* Pods_yatriMitraTests.framework in Frameworks */ = {isa = PBXBuildFile; fileRef = 8A078FEBB589CC091D1052CF /* Pods_yatriMitraTests.framework */; };
		B301BA862CC244DF00E53276 /* SessionManager.swift in Sources */ = {isa = PBXBuildFile; fileRef = B301BA852CC244D600E53276 /* SessionManager.swift */; };
		B301DDC72D3A115C00D2B3D3 /* DeleteAccountViewController.swift in Sources */ = {isa = PBXBuildFile; fileRef = B301DDC62D3A115C00D2B3D3 /* DeleteAccountViewController.swift */; };
		B301DDC92D3A147400D2B3D3 /* TermsandConditionsInAppViewController.swift in Sources */ = {isa = PBXBuildFile; fileRef = B301DDC82D3A147400D2B3D3 /* TermsandConditionsInAppViewController.swift */; };
		B30318B42CB7EEED00CE1244 /* TimerManger.swift in Sources */ = {isa = PBXBuildFile; fileRef = B30318B32CB7EEE500CE1244 /* TimerManger.swift */; };
		B30542DF2D51F00800885F0F /* Lato-Thin.ttf in Resources */ = {isa = PBXBuildFile; fileRef = B30542DC2D51F00800885F0F /* Lato-Thin.ttf */; };
		B30542E02D51F00800885F0F /* Lato-ThinItalic.ttf in Resources */ = {isa = PBXBuildFile; fileRef = B30542DD2D51F00800885F0F /* Lato-ThinItalic.ttf */; };
		B30542E12D51F00800885F0F /* Lato-Italic.ttf in Resources */ = {isa = PBXBuildFile; fileRef = B30542D82D51F00800885F0F /* Lato-Italic.ttf */; };
		B30542E32D51F00800885F0F /* Lato-Regular.ttf in Resources */ = {isa = PBXBuildFile; fileRef = B30542DB2D51F00800885F0F /* Lato-Regular.ttf */; };
		B30542E42D51F00800885F0F /* Lato-BlackItalic.ttf in Resources */ = {isa = PBXBuildFile; fileRef = B30542D52D51F00800885F0F /* Lato-BlackItalic.ttf */; };
		B30542E52D51F00800885F0F /* Lato-Bold.ttf in Resources */ = {isa = PBXBuildFile; fileRef = B30542D62D51F00800885F0F /* Lato-Bold.ttf */; };
		B30542E62D51F00800885F0F /* Lato-Black.ttf in Resources */ = {isa = PBXBuildFile; fileRef = B30542D42D51F00800885F0F /* Lato-Black.ttf */; };
		B30542E72D51F00800885F0F /* Lato-BoldItalic.ttf in Resources */ = {isa = PBXBuildFile; fileRef = B30542D72D51F00800885F0F /* Lato-BoldItalic.ttf */; };
		B30542E82D51F00800885F0F /* Lato-Light.ttf in Resources */ = {isa = PBXBuildFile; fileRef = B30542D92D51F00800885F0F /* Lato-Light.ttf */; };
		B30542E92D51F00800885F0F /* Lato-LightItalic.ttf in Resources */ = {isa = PBXBuildFile; fileRef = B30542DA2D51F00800885F0F /* Lato-LightItalic.ttf */; };
		B30542FC2D51F02300885F0F /* Poppins-Black.ttf in Resources */ = {isa = PBXBuildFile; fileRef = B30542EA2D51F02300885F0F /* Poppins-Black.ttf */; };
		B30542FD2D51F02300885F0F /* Poppins-ExtraLight.ttf in Resources */ = {isa = PBXBuildFile; fileRef = B30542F02D51F02300885F0F /* Poppins-ExtraLight.ttf */; };
		B30542FE2D51F02300885F0F /* Poppins-Regular.ttf in Resources */ = {isa = PBXBuildFile; fileRef = B30542F72D51F02300885F0F /* Poppins-Regular.ttf */; };
		B30542FF2D51F02300885F0F /* Poppins-BlackItalic.ttf in Resources */ = {isa = PBXBuildFile; fileRef = B30542EB2D51F02300885F0F /* Poppins-BlackItalic.ttf */; };
		B30543002D51F02300885F0F /* Poppins-Bold.ttf in Resources */ = {isa = PBXBuildFile; fileRef = B30542EC2D51F02300885F0F /* Poppins-Bold.ttf */; };
		B30543012D51F02300885F0F /* Poppins-Thin.ttf in Resources */ = {isa = PBXBuildFile; fileRef = B30542FA2D51F02300885F0F /* Poppins-Thin.ttf */; };
		B30543022D51F02300885F0F /* Poppins-MediumItalic.ttf in Resources */ = {isa = PBXBuildFile; fileRef = B30542F62D51F02300885F0F /* Poppins-MediumItalic.ttf */; };
		B30543032D51F02300885F0F /* Poppins-Light.ttf in Resources */ = {isa = PBXBuildFile; fileRef = B30542F32D51F02300885F0F /* Poppins-Light.ttf */; };
		B30543042D51F02300885F0F /* Poppins-SemiBold.ttf in Resources */ = {isa = PBXBuildFile; fileRef = B30542F82D51F02300885F0F /* Poppins-SemiBold.ttf */; };
		B30543052D51F02300885F0F /* Poppins-LightItalic.ttf in Resources */ = {isa = PBXBuildFile; fileRef = B30542F42D51F02300885F0F /* Poppins-LightItalic.ttf */; };
		B30543062D51F02300885F0F /* Poppins-BoldItalic.ttf in Resources */ = {isa = PBXBuildFile; fileRef = B30542ED2D51F02300885F0F /* Poppins-BoldItalic.ttf */; };
		B30543072D51F02300885F0F /* Poppins-ExtraBold.ttf in Resources */ = {isa = PBXBuildFile; fileRef = B30542EE2D51F02300885F0F /* Poppins-ExtraBold.ttf */; };
		B30543082D51F02300885F0F /* Poppins-ExtraBoldItalic.ttf in Resources */ = {isa = PBXBuildFile; fileRef = B30542EF2D51F02300885F0F /* Poppins-ExtraBoldItalic.ttf */; };
		B30543092D51F02300885F0F /* Poppins-Italic.ttf in Resources */ = {isa = PBXBuildFile; fileRef = B30542F22D51F02300885F0F /* Poppins-Italic.ttf */; };
		B305430A2D51F02300885F0F /* Poppins-Medium.ttf in Resources */ = {isa = PBXBuildFile; fileRef = B30542F52D51F02300885F0F /* Poppins-Medium.ttf */; };
		B305430B2D51F02300885F0F /* Poppins-ExtraLightItalic.ttf in Resources */ = {isa = PBXBuildFile; fileRef = B30542F12D51F02300885F0F /* Poppins-ExtraLightItalic.ttf */; };
		B305430C2D51F02300885F0F /* Poppins-ThinItalic.ttf in Resources */ = {isa = PBXBuildFile; fileRef = B30542FB2D51F02300885F0F /* Poppins-ThinItalic.ttf */; };
		B305430D2D51F02300885F0F /* Poppins-SemiBoldItalic.ttf in Resources */ = {isa = PBXBuildFile; fileRef = B30542F92D51F02300885F0F /* Poppins-SemiBoldItalic.ttf */; };
		B30E57212C2018220019CF01 /* BookACabTableViewCell.swift in Sources */ = {isa = PBXBuildFile; fileRef = B30E57202C2018220019CF01 /* BookACabTableViewCell.swift */; };
		B312CF6F2C196633000D3885 /* SideMenuTableViewCell.swift in Sources */ = {isa = PBXBuildFile; fileRef = B312CF6D2C196633000D3885 /* SideMenuTableViewCell.swift */; };
		B312CF702C196633000D3885 /* SideMenuTableViewCell.xib in Resources */ = {isa = PBXBuildFile; fileRef = B312CF6E2C196633000D3885 /* SideMenuTableViewCell.xib */; };
		B312CF732C197A33000D3885 /* ProfileViewController.swift in Sources */ = {isa = PBXBuildFile; fileRef = B312CF722C197A33000D3885 /* ProfileViewController.swift */; };
		B312CF752C197A41000D3885 /* RideHistoryViewController.swift in Sources */ = {isa = PBXBuildFile; fileRef = B312CF742C197A41000D3885 /* RideHistoryViewController.swift */; };
		B312CF772C197A55000D3885 /* EmergencyViewController.swift in Sources */ = {isa = PBXBuildFile; fileRef = B312CF762C197A55000D3885 /* EmergencyViewController.swift */; };
		B312CF792C197A6E000D3885 /* SupportViewController.swift in Sources */ = {isa = PBXBuildFile; fileRef = B312CF782C197A6E000D3885 /* SupportViewController.swift */; };
		B312CF7B2C197A82000D3885 /* AboutViewController.swift in Sources */ = {isa = PBXBuildFile; fileRef = B312CF7A2C197A82000D3885 /* AboutViewController.swift */; };
		B312CF7D2C19B141000D3885 /* CurrenttoDestinationViewController.swift in Sources */ = {isa = PBXBuildFile; fileRef = B312CF7C2C19B141000D3885 /* CurrenttoDestinationViewController.swift */; };
		B3220BF12C3E91C3008F23B9 /* Assets.xcassets in Resources */ = {isa = PBXBuildFile; fileRef = B3EE5DFD2C0EE591000EE18F /* Assets.xcassets */; };
		B323DCD52DA5247C00D7B127 /* FirebaseAnalytics in Frameworks */ = {isa = PBXBuildFile; productRef = B323DCD42DA5247C00D7B127 /* FirebaseAnalytics */; };
		B323DCD72DA5247C00D7B127 /* FirebaseAnalyticsOnDeviceConversion in Frameworks */ = {isa = PBXBuildFile; productRef = B323DCD62DA5247C00D7B127 /* FirebaseAnalyticsOnDeviceConversion */; };
		B323DCD92DA5247C00D7B127 /* FirebaseAnalyticsWithoutAdIdSupport in Frameworks */ = {isa = PBXBuildFile; productRef = B323DCD82DA5247C00D7B127 /* FirebaseAnalyticsWithoutAdIdSupport */; };
		B323DCDB2DA5247C00D7B127 /* FirebaseAppCheck in Frameworks */ = {isa = PBXBuildFile; productRef = B323DCDA2DA5247C00D7B127 /* FirebaseAppCheck */; };
		B323DCDD2DA5247C00D7B127 /* FirebaseAppDistribution-Beta in Frameworks */ = {isa = PBXBuildFile; productRef = B323DCDC2DA5247C00D7B127 /* FirebaseAppDistribution-Beta */; };
		B323DCDF2DA5247C00D7B127 /* FirebaseAuth in Frameworks */ = {isa = PBXBuildFile; productRef = B323DCDE2DA5247C00D7B127 /* FirebaseAuth */; };
		B323DCE12DA5247C00D7B127 /* FirebaseAuthCombine-Community in Frameworks */ = {isa = PBXBuildFile; productRef = B323DCE02DA5247C00D7B127 /* FirebaseAuthCombine-Community */; };
		B323DCE32DA5247C00D7B127 /* FirebaseCore in Frameworks */ = {isa = PBXBuildFile; productRef = B323DCE22DA5247C00D7B127 /* FirebaseCore */; };
		B323DCE52DA5247C00D7B127 /* FirebaseCrashlytics in Frameworks */ = {isa = PBXBuildFile; productRef = B323DCE42DA5247C00D7B127 /* FirebaseCrashlytics */; };
		B323DCE72DA5247C00D7B127 /* FirebaseDatabase in Frameworks */ = {isa = PBXBuildFile; productRef = B323DCE62DA5247C00D7B127 /* FirebaseDatabase */; };
		B323DCE92DA5247C00D7B127 /* FirebaseDynamicLinks in Frameworks */ = {isa = PBXBuildFile; productRef = B323DCE82DA5247C00D7B127 /* FirebaseDynamicLinks */; };
		B323DCEB2DA5247C00D7B127 /* FirebaseFirestore in Frameworks */ = {isa = PBXBuildFile; productRef = B323DCEA2DA5247C00D7B127 /* FirebaseFirestore */; };
		B323DCED2DA5247C00D7B127 /* FirebaseFirestoreCombine-Community in Frameworks */ = {isa = PBXBuildFile; productRef = B323DCEC2DA5247C00D7B127 /* FirebaseFirestoreCombine-Community */; };
		B323DCEF2DA5247C00D7B127 /* FirebaseFunctions in Frameworks */ = {isa = PBXBuildFile; productRef = B323DCEE2DA5247C00D7B127 /* FirebaseFunctions */; };
		B323DCF12DA5247C00D7B127 /* FirebaseFunctionsCombine-Community in Frameworks */ = {isa = PBXBuildFile; productRef = B323DCF02DA5247C00D7B127 /* FirebaseFunctionsCombine-Community */; };
		B323DCF32DA5247C00D7B127 /* FirebaseInAppMessaging-Beta in Frameworks */ = {isa = PBXBuildFile; productRef = B323DCF22DA5247C00D7B127 /* FirebaseInAppMessaging-Beta */; };
		B323DCF52DA5247C00D7B127 /* FirebaseInstallations in Frameworks */ = {isa = PBXBuildFile; productRef = B323DCF42DA5247C00D7B127 /* FirebaseInstallations */; };
		B323DCF72DA5247D00D7B127 /* FirebaseMLModelDownloader in Frameworks */ = {isa = PBXBuildFile; productRef = B323DCF62DA5247D00D7B127 /* FirebaseMLModelDownloader */; };
		B323DCF92DA5247D00D7B127 /* FirebaseMessaging in Frameworks */ = {isa = PBXBuildFile; productRef = B323DCF82DA5247D00D7B127 /* FirebaseMessaging */; };
		B323DCFB2DA5247D00D7B127 /* FirebasePerformance in Frameworks */ = {isa = PBXBuildFile; productRef = B323DCFA2DA5247D00D7B127 /* FirebasePerformance */; };
		B323DCFD2DA5247D00D7B127 /* FirebaseRemoteConfig in Frameworks */ = {isa = PBXBuildFile; productRef = B323DCFC2DA5247D00D7B127 /* FirebaseRemoteConfig */; };
		B323DCFF2DA5247D00D7B127 /* FirebaseStorage in Frameworks */ = {isa = PBXBuildFile; productRef = B323DCFE2DA5247D00D7B127 /* FirebaseStorage */; };
		B323DD012DA5247D00D7B127 /* FirebaseStorageCombine-Community in Frameworks */ = {isa = PBXBuildFile; productRef = B323DD002DA5247D00D7B127 /* FirebaseStorageCombine-Community */; };
		B323DD032DA5247D00D7B127 /* FirebaseVertexAI in Frameworks */ = {isa = PBXBuildFile; productRef = B323DD022DA5247D00D7B127 /* FirebaseVertexAI */; };
		B32CF5B52C76114700D08883 /* RecentSearchesTableViewCell.swift in Sources */ = {isa = PBXBuildFile; fileRef = B32CF5B42C76114700D08883 /* RecentSearchesTableViewCell.swift */; };
		B3341EB82D128CAE0066BDD2 /* Debounce.swift in Sources */ = {isa = PBXBuildFile; fileRef = B3341EB72D128CA70066BDD2 /* Debounce.swift */; };
		B33CAE2F2D49F9C400984143 /* ShareAppViewController.swift in Sources */ = {isa = PBXBuildFile; fileRef = B33CAE2E2D49F9C400984143 /* ShareAppViewController.swift */; };
		B34961B12C0EE90700216D15 /* MobileNoViewController.swift in Sources */ = {isa = PBXBuildFile; fileRef = B34961AF2C0EE90700216D15 /* MobileNoViewController.swift */; };
		B34961B22C0EE90700216D15 /* OTPViewController.swift in Sources */ = {isa = PBXBuildFile; fileRef = B34961B02C0EE90700216D15 /* OTPViewController.swift */; };
		B34961B62C0F0E9400216D15 /* GPSSettingViewController.swift in Sources */ = {isa = PBXBuildFile; fileRef = B34961B52C0F0E9400216D15 /* GPSSettingViewController.swift */; };
		B34961B82C0F2F6000216D15 /* MapViewController.swift in Sources */ = {isa = PBXBuildFile; fileRef = B34961B72C0F2F6000216D15 /* MapViewController.swift */; };
		B34985082D3A155D00383389 /* PrivacyPolicyInAppViewController.swift in Sources */ = {isa = PBXBuildFile; fileRef = B34985072D3A155D00383389 /* PrivacyPolicyInAppViewController.swift */; };
		B349850A2D3A83F200383389 /* FareCardViewController.swift in Sources */ = {isa = PBXBuildFile; fileRef = B34985092D3A83F200383389 /* FareCardViewController.swift */; };
		B34E720A2C9AB46E00D80E83 /* yatriMitra.xcdatamodeld in Sources */ = {isa = PBXBuildFile; fileRef = B34E72082C9AB46E00D80E83 /* yatriMitra.xcdatamodeld */; };
		B34FD99C2C7DD40F008222B0 /* RideViewController.swift in Sources */ = {isa = PBXBuildFile; fileRef = B34FD99B2C7DD40F008222B0 /* RideViewController.swift */; };
		B350C4DC2C7715CB008509AF /* dashBoardRecentSearchesTableViewCell.swift in Sources */ = {isa = PBXBuildFile; fileRef = B350C4DB2C7715CB008509AF /* dashBoardRecentSearchesTableViewCell.swift */; };
		B353406A2DA52D750040E0E5 /* Alamofire in Frameworks */ = {isa = PBXBuildFile; productRef = B35340692DA52D750040E0E5 /* Alamofire */; };
		B3578A892C2BF2EC00661EFE /* Settings.bundle in Resources */ = {isa = PBXBuildFile; fileRef = B3578A882C2BF2EC00661EFE /* Settings.bundle */; };
		B362622B2DA3B11800D1C2B7 /* Animation - 1744005140184.gif in Resources */ = {isa = PBXBuildFile; fileRef = B362622A2DA3B11800D1C2B7 /* Animation - 1744005140184.gif */; };
		B36B524E2D312033003AF434 /* BaseURL.swift in Sources */ = {isa = PBXBuildFile; fileRef = B36B524D2D31202A003AF434 /* BaseURL.swift */; };
		B370276A2C92B2300031D934 /* GoogleService-Info.plist in Resources */ = {isa = PBXBuildFile; fileRef = B37027692C92B2300031D934 /* GoogleService-Info.plist */; };
		B375B96F2C2186C7009C469E /* RideHistoryTableViewCell.swift in Sources */ = {isa = PBXBuildFile; fileRef = B375B96E2C2186C7009C469E /* RideHistoryTableViewCell.swift */; };
		B37D06CB2D4B729C0057EE0D /* About_Html_code.html in Resources */ = {isa = PBXBuildFile; fileRef = B37D06CA2D4B729C0057EE0D /* About_Html_code.html */; };
		B37D06CD2D4B7D130057EE0D /* About_Html_code 2.html in Resources */ = {isa = PBXBuildFile; fileRef = B37D06CC2D4B7D130057EE0D /* About_Html_code 2.html */; };
		B3A1AB062D78505000D1068D /* NetworkManager.swift in Sources */ = {isa = PBXBuildFile; fileRef = B3A1AB052D78505000D1068D /* NetworkManager.swift */; };
		B3A5A1612C1FFC9B004BED95 /* AboutTableViewCell.swift in Sources */ = {isa = PBXBuildFile; fileRef = B3A5A1602C1FFC9B004BED95 /* AboutTableViewCell.swift */; };
		B3ACA3D82D36600400984C7F /* LoginRegisterViewController.swift in Sources */ = {isa = PBXBuildFile; fileRef = B3ACA3D72D36600400984C7F /* LoginRegisterViewController.swift */; };
		B3B0AFDE2C1C3E5500377EDD /* BookACabViewController.swift in Sources */ = {isa = PBXBuildFile; fileRef = B3B0AFDD2C1C3E5500377EDD /* BookACabViewController.swift */; };
		B3B1623E2C9B06EF002CB630 /* LaunchScreen.storyboard in Resources */ = {isa = PBXBuildFile; fileRef = B3EE5DFF2C0EE591000EE18F /* LaunchScreen.storyboard */; };
		B3C94A0A2DA5194E00C90B0F /* GoogleMaps in Frameworks */ = {isa = PBXBuildFile; productRef = B3C94A092DA5194E00C90B0F /* GoogleMaps */; };
		B3C94A132DA519BF00C90B0F /* GooglePlaces in Frameworks */ = {isa = PBXBuildFile; productRef = B3C94A122DA519BF00C90B0F /* GooglePlaces */; };
		B3C94A162DA519DA00C90B0F /* DotLottie in Frameworks */ = {isa = PBXBuildFile; productRef = B3C94A152DA519DA00C90B0F /* DotLottie */; };
		B3D1AD4D2DA5275C003FD30C /* Lottie in Frameworks */ = {isa = PBXBuildFile; productRef = B3D1AD4C2DA5275C003FD30C /* Lottie */; };
		B3E3E64E2C22A1E200B83838 /* RideStartedViewController.swift in Sources */ = {isa = PBXBuildFile; fileRef = B3E3E64D2C22A1E200B83838 /* RideStartedViewController.swift */; };
		B3EC105D2C2AC9C300A6511E /* RideHistoryDetailsViewController.swift in Sources */ = {isa = PBXBuildFile; fileRef = B3EC105C2C2AC9C300A6511E /* RideHistoryDetailsViewController.swift */; };
		B3EC1D372C75EAF700653CA0 /* EndTripViewController.swift in Sources */ = {isa = PBXBuildFile; fileRef = B3EC1D362C75EAF700653CA0 /* EndTripViewController.swift */; };
		B3EE5DF52C0EE590000EE18F /* AppDelegate.swift in Sources */ = {isa = PBXBuildFile; fileRef = B3EE5DF42C0EE590000EE18F /* AppDelegate.swift */; };
		B3EE5DF72C0EE590000EE18F /* SceneDelegate.swift in Sources */ = {isa = PBXBuildFile; fileRef = B3EE5DF62C0EE590000EE18F /* SceneDelegate.swift */; };
		B3EE5DF92C0EE590000EE18F /* ViewController.swift in Sources */ = {isa = PBXBuildFile; fileRef = B3EE5DF82C0EE590000EE18F /* ViewController.swift */; };
		B3EE5DFC2C0EE590000EE18F /* Main.storyboard in Resources */ = {isa = PBXBuildFile; fileRef = B3EE5DFA2C0EE590000EE18F /* Main.storyboard */; };
		B3EE5E0C2C0EE591000EE18F /* yatriMitraTests.swift in Sources */ = {isa = PBXBuildFile; fileRef = B3EE5E0B2C0EE591000EE18F /* yatriMitraTests.swift */; };
		B3EE5E162C0EE591000EE18F /* yatriMitraUITests.swift in Sources */ = {isa = PBXBuildFile; fileRef = B3EE5E152C0EE591000EE18F /* yatriMitraUITests.swift */; };
		B3EE5E182C0EE591000EE18F /* yatriMitraUITestsLaunchTests.swift in Sources */ = {isa = PBXBuildFile; fileRef = B3EE5E172C0EE591000EE18F /* yatriMitraUITestsLaunchTests.swift */; };
		B3EECE7D2DA3E0010076C083 /* green_tick.json in Resources */ = {isa = PBXBuildFile; fileRef = B3EECE7C2DA3E0010076C083 /* green_tick.json */; };
		B3FAE99E2D1BDCA600C74E00 /* CustomKeyboard.swift in Sources */ = {isa = PBXBuildFile; fileRef = B3FAE99D2D1BDCA000C74E00 /* CustomKeyboard.swift */; };
		B3FCA25D2C3404B6002C051D /* RegisterMobileNoViewController.swift in Sources */ = {isa = PBXBuildFile; fileRef = B3FCA25C2C3404B6002C051D /* RegisterMobileNoViewController.swift */; };
		B3FCA25F2C3404C7002C051D /* RegisterOTPViewController.swift in Sources */ = {isa = PBXBuildFile; fileRef = B3FCA25E2C3404C7002C051D /* RegisterOTPViewController.swift */; };
		B3FD4A712C1C72B300D8FE3D /* EmergencyTableViewCell.swift in Sources */ = {isa = PBXBuildFile; fileRef = B3FD4A702C1C72B300D8FE3D /* EmergencyTableViewCell.swift */; };
/* End PBXBuildFile section */

/* Begin PBXContainerItemProxy section */
		B3EE5E082C0EE591000EE18F /* PBXContainerItemProxy */ = {
			isa = PBXContainerItemProxy;
			containerPortal = B3EE5DE92C0EE590000EE18F /* Project object */;
			proxyType = 1;
			remoteGlobalIDString = B3EE5DF02C0EE590000EE18F;
			remoteInfo = yatriMitra;
		};
		B3EE5E122C0EE591000EE18F /* PBXContainerItemProxy */ = {
			isa = PBXContainerItemProxy;
			containerPortal = B3EE5DE92C0EE590000EE18F /* Project object */;
			proxyType = 1;
			remoteGlobalIDString = B3EE5DF02C0EE590000EE18F;
			remoteInfo = yatriMitra;
		};
/* End PBXContainerItemProxy section */

/* Begin PBXCopyFilesBuildPhase section */
		B3BB65E52C32848900E28DC2 /* Embed Frameworks */ = {
			isa = PBXCopyFilesBuildPhase;
			buildActionMask = 2147483647;
			dstPath = "";
			dstSubfolderSpec = 10;
			files = (
			);
			name = "Embed Frameworks";
			runOnlyForDeploymentPostprocessing = 0;
		};
/* End PBXCopyFilesBuildPhase section */

/* Begin PBXFileReference section */
		214961BD89E4B4216E1C0B95 /* Pods-yatriMitraTests.release.xcconfig */ = {isa = PBXFileReference; includeInIndex = 1; lastKnownFileType = text.xcconfig; name = "Pods-yatriMitraTests.release.xcconfig"; path = "Target Support Files/Pods-yatriMitraTests/Pods-yatriMitraTests.release.xcconfig"; sourceTree = "<group>"; };
		36F5F596DCFA365F3FC23959 /* Pods_yatriMitra.framework */ = {isa = PBXFileReference; explicitFileType = wrapper.framework; includeInIndex = 0; path = Pods_yatriMitra.framework; sourceTree = BUILT_PRODUCTS_DIR; };
		664C752D2E6EE9DE00B2AEFC /* NotiTone.caf */ = {isa = PBXFileReference; lastKnownFileType = file; path = NotiTone.caf; sourceTree = "<group>"; };
		7B94ED903F85D4ED29C69257 /* Pods-yatriMitra-yatriMitraUITests.release.xcconfig */ = {isa = PBXFileReference; includeInIndex = 1; lastKnownFileType = text.xcconfig; name = "Pods-yatriMitra-yatriMitraUITests.release.xcconfig"; path = "Target Support Files/Pods-yatriMitra-yatriMitraUITests/Pods-yatriMitra-yatriMitraUITests.release.xcconfig"; sourceTree = "<group>"; };
		8A078FEBB589CC091D1052CF /* Pods_yatriMitraTests.framework */ = {isa = PBXFileReference; explicitFileType = wrapper.framework; includeInIndex = 0; path = Pods_yatriMitraTests.framework; sourceTree = BUILT_PRODUCTS_DIR; };
		8F016A932C35342D00FB8846 /* WelcomeViewController.swift */ = {isa = PBXFileReference; lastKnownFileType = sourcecode.swift; path = WelcomeViewController.swift; sourceTree = "<group>"; };
		8F3228562C2565E000A46F3F /* RideConfirmViewController.swift */ = {isa = PBXFileReference; lastKnownFileType = sourcecode.swift; path = RideConfirmViewController.swift; sourceTree = "<group>"; };
		8F3737882C2A8C640007DFED /* RegistrationViewController.swift */ = {isa = PBXFileReference; lastKnownFileType = sourcecode.swift; path = RegistrationViewController.swift; sourceTree = "<group>"; };
		8FA188F92C3D105300B2671C /* Reachability.swift */ = {isa = PBXFileReference; lastKnownFileType = sourcecode.swift; path = Reachability.swift; sourceTree = "<group>"; };
		8FA188FD2C3D135700B2671C /* ToastView.swift */ = {isa = PBXFileReference; lastKnownFileType = sourcecode.swift; path = ToastView.swift; sourceTree = "<group>"; };
		8FCF9B282C4105E3005C026E /* BlurView.swift */ = {isa = PBXFileReference; lastKnownFileType = sourcecode.swift; path = BlurView.swift; sourceTree = "<group>"; };
		9E486A8B2D39633B00C389D0 /* TermsandConditionsViewController.swift */ = {isa = PBXFileReference; lastKnownFileType = sourcecode.swift; path = TermsandConditionsViewController.swift; sourceTree = "<group>"; };
		9E486A8D2D396F9300C389D0 /* PrivacyPolicyViewController.swift */ = {isa = PBXFileReference; lastKnownFileType = sourcecode.swift; path = PrivacyPolicyViewController.swift; sourceTree = "<group>"; };
		B301BA852CC244D600E53276 /* SessionManager.swift */ = {isa = PBXFileReference; lastKnownFileType = sourcecode.swift; path = SessionManager.swift; sourceTree = "<group>"; };
		B301DDC62D3A115C00D2B3D3 /* DeleteAccountViewController.swift */ = {isa = PBXFileReference; lastKnownFileType = sourcecode.swift; path = DeleteAccountViewController.swift; sourceTree = "<group>"; };
		B301DDC82D3A147400D2B3D3 /* TermsandConditionsInAppViewController.swift */ = {isa = PBXFileReference; lastKnownFileType = sourcecode.swift; path = TermsandConditionsInAppViewController.swift; sourceTree = "<group>"; };
		B30318B32CB7EEE500CE1244 /* TimerManger.swift */ = {isa = PBXFileReference; lastKnownFileType = sourcecode.swift; path = TimerManger.swift; sourceTree = "<group>"; };
		B30542D42D51F00800885F0F /* Lato-Black.ttf */ = {isa = PBXFileReference; lastKnownFileType = file; path = "Lato-Black.ttf"; sourceTree = "<group>"; };
		B30542D52D51F00800885F0F /* Lato-BlackItalic.ttf */ = {isa = PBXFileReference; lastKnownFileType = file; path = "Lato-BlackItalic.ttf"; sourceTree = "<group>"; };
		B30542D62D51F00800885F0F /* Lato-Bold.ttf */ = {isa = PBXFileReference; lastKnownFileType = file; path = "Lato-Bold.ttf"; sourceTree = "<group>"; };
		B30542D72D51F00800885F0F /* Lato-BoldItalic.ttf */ = {isa = PBXFileReference; lastKnownFileType = file; path = "Lato-BoldItalic.ttf"; sourceTree = "<group>"; };
		B30542D82D51F00800885F0F /* Lato-Italic.ttf */ = {isa = PBXFileReference; lastKnownFileType = file; path = "Lato-Italic.ttf"; sourceTree = "<group>"; };
		B30542D92D51F00800885F0F /* Lato-Light.ttf */ = {isa = PBXFileReference; lastKnownFileType = file; path = "Lato-Light.ttf"; sourceTree = "<group>"; };
		B30542DA2D51F00800885F0F /* Lato-LightItalic.ttf */ = {isa = PBXFileReference; lastKnownFileType = file; path = "Lato-LightItalic.ttf"; sourceTree = "<group>"; };
		B30542DB2D51F00800885F0F /* Lato-Regular.ttf */ = {isa = PBXFileReference; lastKnownFileType = file; path = "Lato-Regular.ttf"; sourceTree = "<group>"; };
		B30542DC2D51F00800885F0F /* Lato-Thin.ttf */ = {isa = PBXFileReference; lastKnownFileType = file; path = "Lato-Thin.ttf"; sourceTree = "<group>"; };
		B30542DD2D51F00800885F0F /* Lato-ThinItalic.ttf */ = {isa = PBXFileReference; lastKnownFileType = file; path = "Lato-ThinItalic.ttf"; sourceTree = "<group>"; };
		B30542EA2D51F02300885F0F /* Poppins-Black.ttf */ = {isa = PBXFileReference; lastKnownFileType = file; path = "Poppins-Black.ttf"; sourceTree = "<group>"; };
		B30542EB2D51F02300885F0F /* Poppins-BlackItalic.ttf */ = {isa = PBXFileReference; lastKnownFileType = file; path = "Poppins-BlackItalic.ttf"; sourceTree = "<group>"; };
		B30542EC2D51F02300885F0F /* Poppins-Bold.ttf */ = {isa = PBXFileReference; lastKnownFileType = file; path = "Poppins-Bold.ttf"; sourceTree = "<group>"; };
		B30542ED2D51F02300885F0F /* Poppins-BoldItalic.ttf */ = {isa = PBXFileReference; lastKnownFileType = file; path = "Poppins-BoldItalic.ttf"; sourceTree = "<group>"; };
		B30542EE2D51F02300885F0F /* Poppins-ExtraBold.ttf */ = {isa = PBXFileReference; lastKnownFileType = file; path = "Poppins-ExtraBold.ttf"; sourceTree = "<group>"; };
		B30542EF2D51F02300885F0F /* Poppins-ExtraBoldItalic.ttf */ = {isa = PBXFileReference; lastKnownFileType = file; path = "Poppins-ExtraBoldItalic.ttf"; sourceTree = "<group>"; };
		B30542F02D51F02300885F0F /* Poppins-ExtraLight.ttf */ = {isa = PBXFileReference; lastKnownFileType = file; path = "Poppins-ExtraLight.ttf"; sourceTree = "<group>"; };
		B30542F12D51F02300885F0F /* Poppins-ExtraLightItalic.ttf */ = {isa = PBXFileReference; lastKnownFileType = file; path = "Poppins-ExtraLightItalic.ttf"; sourceTree = "<group>"; };
		B30542F22D51F02300885F0F /* Poppins-Italic.ttf */ = {isa = PBXFileReference; lastKnownFileType = file; path = "Poppins-Italic.ttf"; sourceTree = "<group>"; };
		B30542F32D51F02300885F0F /* Poppins-Light.ttf */ = {isa = PBXFileReference; lastKnownFileType = file; path = "Poppins-Light.ttf"; sourceTree = "<group>"; };
		B30542F42D51F02300885F0F /* Poppins-LightItalic.ttf */ = {isa = PBXFileReference; lastKnownFileType = file; path = "Poppins-LightItalic.ttf"; sourceTree = "<group>"; };
		B30542F52D51F02300885F0F /* Poppins-Medium.ttf */ = {isa = PBXFileReference; lastKnownFileType = file; path = "Poppins-Medium.ttf"; sourceTree = "<group>"; };
		B30542F62D51F02300885F0F /* Poppins-MediumItalic.ttf */ = {isa = PBXFileReference; lastKnownFileType = file; path = "Poppins-MediumItalic.ttf"; sourceTree = "<group>"; };
		B30542F72D51F02300885F0F /* Poppins-Regular.ttf */ = {isa = PBXFileReference; lastKnownFileType = file; path = "Poppins-Regular.ttf"; sourceTree = "<group>"; };
		B30542F82D51F02300885F0F /* Poppins-SemiBold.ttf */ = {isa = PBXFileReference; lastKnownFileType = file; path = "Poppins-SemiBold.ttf"; sourceTree = "<group>"; };
		B30542F92D51F02300885F0F /* Poppins-SemiBoldItalic.ttf */ = {isa = PBXFileReference; lastKnownFileType = file; path = "Poppins-SemiBoldItalic.ttf"; sourceTree = "<group>"; };
		B30542FA2D51F02300885F0F /* Poppins-Thin.ttf */ = {isa = PBXFileReference; lastKnownFileType = file; path = "Poppins-Thin.ttf"; sourceTree = "<group>"; };
		B30542FB2D51F02300885F0F /* Poppins-ThinItalic.ttf */ = {isa = PBXFileReference; lastKnownFileType = file; path = "Poppins-ThinItalic.ttf"; sourceTree = "<group>"; };
		B30E57202C2018220019CF01 /* BookACabTableViewCell.swift */ = {isa = PBXFileReference; lastKnownFileType = sourcecode.swift; path = BookACabTableViewCell.swift; sourceTree = "<group>"; };
		B312CF6D2C196633000D3885 /* SideMenuTableViewCell.swift */ = {isa = PBXFileReference; lastKnownFileType = sourcecode.swift; path = SideMenuTableViewCell.swift; sourceTree = "<group>"; };
		B312CF6E2C196633000D3885 /* SideMenuTableViewCell.xib */ = {isa = PBXFileReference; lastKnownFileType = file.xib; path = SideMenuTableViewCell.xib; sourceTree = "<group>"; };
		B312CF722C197A33000D3885 /* ProfileViewController.swift */ = {isa = PBXFileReference; lastKnownFileType = sourcecode.swift; path = ProfileViewController.swift; sourceTree = "<group>"; };
		B312CF742C197A41000D3885 /* RideHistoryViewController.swift */ = {isa = PBXFileReference; lastKnownFileType = sourcecode.swift; path = RideHistoryViewController.swift; sourceTree = "<group>"; };
		B312CF762C197A55000D3885 /* EmergencyViewController.swift */ = {isa = PBXFileReference; lastKnownFileType = sourcecode.swift; path = EmergencyViewController.swift; sourceTree = "<group>"; };
		B312CF782C197A6E000D3885 /* SupportViewController.swift */ = {isa = PBXFileReference; lastKnownFileType = sourcecode.swift; path = SupportViewController.swift; sourceTree = "<group>"; };
		B312CF7A2C197A82000D3885 /* AboutViewController.swift */ = {isa = PBXFileReference; lastKnownFileType = sourcecode.swift; path = AboutViewController.swift; sourceTree = "<group>"; };
		B312CF7C2C19B141000D3885 /* CurrenttoDestinationViewController.swift */ = {isa = PBXFileReference; lastKnownFileType = sourcecode.swift; path = CurrenttoDestinationViewController.swift; sourceTree = "<group>"; };
		B32CF5B42C76114700D08883 /* RecentSearchesTableViewCell.swift */ = {isa = PBXFileReference; lastKnownFileType = sourcecode.swift; path = RecentSearchesTableViewCell.swift; sourceTree = "<group>"; };
		B3341EB72D128CA70066BDD2 /* Debounce.swift */ = {isa = PBXFileReference; lastKnownFileType = sourcecode.swift; path = Debounce.swift; sourceTree = "<group>"; };
		B33CAE2E2D49F9C400984143 /* ShareAppViewController.swift */ = {isa = PBXFileReference; lastKnownFileType = sourcecode.swift; path = ShareAppViewController.swift; sourceTree = "<group>"; };
		B34961AF2C0EE90700216D15 /* MobileNoViewController.swift */ = {isa = PBXFileReference; fileEncoding = 4; lastKnownFileType = sourcecode.swift; path = MobileNoViewController.swift; sourceTree = "<group>"; };
		B34961B02C0EE90700216D15 /* OTPViewController.swift */ = {isa = PBXFileReference; fileEncoding = 4; lastKnownFileType = sourcecode.swift; path = OTPViewController.swift; sourceTree = "<group>"; };
		B34961B52C0F0E9400216D15 /* GPSSettingViewController.swift */ = {isa = PBXFileReference; lastKnownFileType = sourcecode.swift; path = GPSSettingViewController.swift; sourceTree = "<group>"; };
		B34961B72C0F2F6000216D15 /* MapViewController.swift */ = {isa = PBXFileReference; lastKnownFileType = sourcecode.swift; path = MapViewController.swift; sourceTree = "<group>"; };
		B34985072D3A155D00383389 /* PrivacyPolicyInAppViewController.swift */ = {isa = PBXFileReference; lastKnownFileType = sourcecode.swift; path = PrivacyPolicyInAppViewController.swift; sourceTree = "<group>"; };
		B34985092D3A83F200383389 /* FareCardViewController.swift */ = {isa = PBXFileReference; lastKnownFileType = sourcecode.swift; path = FareCardViewController.swift; sourceTree = "<group>"; };
		B34E72092C9AB46E00D80E83 /* yatriMitra.xcdatamodel */ = {isa = PBXFileReference; lastKnownFileType = wrapper.xcdatamodel; path = yatriMitra.xcdatamodel; sourceTree = "<group>"; };
		B34FD99B2C7DD40F008222B0 /* RideViewController.swift */ = {isa = PBXFileReference; lastKnownFileType = sourcecode.swift; path = RideViewController.swift; sourceTree = "<group>"; };
		B350C4DB2C7715CB008509AF /* dashBoardRecentSearchesTableViewCell.swift */ = {isa = PBXFileReference; lastKnownFileType = sourcecode.swift; path = dashBoardRecentSearchesTableViewCell.swift; sourceTree = "<group>"; };
		B3578A882C2BF2EC00661EFE /* Settings.bundle */ = {isa = PBXFileReference; lastKnownFileType = "wrapper.plug-in"; path = Settings.bundle; sourceTree = "<group>"; };
		B362622A2DA3B11800D1C2B7 /* Animation - 1744005140184.gif */ = {isa = PBXFileReference; lastKnownFileType = image.gif; path = "Animation - 1744005140184.gif"; sourceTree = "<group>"; };
		B36B524D2D31202A003AF434 /* BaseURL.swift */ = {isa = PBXFileReference; lastKnownFileType = sourcecode.swift; path = BaseURL.swift; sourceTree = "<group>"; };
		B37027692C92B2300031D934 /* GoogleService-Info.plist */ = {isa = PBXFileReference; fileEncoding = 4; lastKnownFileType = text.plist.xml; path = "GoogleService-Info.plist"; sourceTree = "<group>"; };
		B375B96E2C2186C7009C469E /* RideHistoryTableViewCell.swift */ = {isa = PBXFileReference; lastKnownFileType = sourcecode.swift; path = RideHistoryTableViewCell.swift; sourceTree = "<group>"; };
		B3767AC02C88343F00A4F267 /* yatriMitra.entitlements */ = {isa = PBXFileReference; lastKnownFileType = text.plist.entitlements; path = yatriMitra.entitlements; sourceTree = "<group>"; };
		B37D06CA2D4B729C0057EE0D /* About_Html_code.html */ = {isa = PBXFileReference; lastKnownFileType = text.html; path = About_Html_code.html; sourceTree = "<group>"; };
		B37D06CC2D4B7D130057EE0D /* About_Html_code 2.html */ = {isa = PBXFileReference; lastKnownFileType = text.html; path = "About_Html_code 2.html"; sourceTree = "<group>"; };
		B3A1AB052D78505000D1068D /* NetworkManager.swift */ = {isa = PBXFileReference; lastKnownFileType = sourcecode.swift; path = NetworkManager.swift; sourceTree = "<group>"; };
		B3A5A1602C1FFC9B004BED95 /* AboutTableViewCell.swift */ = {isa = PBXFileReference; lastKnownFileType = sourcecode.swift; path = AboutTableViewCell.swift; sourceTree = "<group>"; };
		B3ACA3D72D36600400984C7F /* LoginRegisterViewController.swift */ = {isa = PBXFileReference; lastKnownFileType = sourcecode.swift; path = LoginRegisterViewController.swift; sourceTree = "<group>"; };
		B3B0AFDD2C1C3E5500377EDD /* BookACabViewController.swift */ = {isa = PBXFileReference; lastKnownFileType = sourcecode.swift; path = BookACabViewController.swift; sourceTree = "<group>"; };
		B3E3E64D2C22A1E200B83838 /* RideStartedViewController.swift */ = {isa = PBXFileReference; lastKnownFileType = sourcecode.swift; path = RideStartedViewController.swift; sourceTree = "<group>"; };
		B3EC105C2C2AC9C300A6511E /* RideHistoryDetailsViewController.swift */ = {isa = PBXFileReference; lastKnownFileType = sourcecode.swift; path = RideHistoryDetailsViewController.swift; sourceTree = "<group>"; };
		B3EC1D362C75EAF700653CA0 /* EndTripViewController.swift */ = {isa = PBXFileReference; lastKnownFileType = sourcecode.swift; path = EndTripViewController.swift; sourceTree = "<group>"; };
		B3EE5DF12C0EE590000EE18F /* yatriMitra.app */ = {isa = PBXFileReference; explicitFileType = wrapper.application; includeInIndex = 0; path = yatriMitra.app; sourceTree = BUILT_PRODUCTS_DIR; };
		B3EE5DF42C0EE590000EE18F /* AppDelegate.swift */ = {isa = PBXFileReference; lastKnownFileType = sourcecode.swift; path = AppDelegate.swift; sourceTree = "<group>"; };
		B3EE5DF62C0EE590000EE18F /* SceneDelegate.swift */ = {isa = PBXFileReference; lastKnownFileType = sourcecode.swift; path = SceneDelegate.swift; sourceTree = "<group>"; };
		B3EE5DF82C0EE590000EE18F /* ViewController.swift */ = {isa = PBXFileReference; lastKnownFileType = sourcecode.swift; path = ViewController.swift; sourceTree = "<group>"; };
		B3EE5DFB2C0EE590000EE18F /* Base */ = {isa = PBXFileReference; lastKnownFileType = file.storyboard; name = Base; path = Base.lproj/Main.storyboard; sourceTree = "<group>"; };
		B3EE5DFD2C0EE591000EE18F /* Assets.xcassets */ = {isa = PBXFileReference; lastKnownFileType = folder.assetcatalog; path = Assets.xcassets; sourceTree = "<group>"; };
		B3EE5E002C0EE591000EE18F /* Base */ = {isa = PBXFileReference; lastKnownFileType = file.storyboard; name = Base; path = Base.lproj/LaunchScreen.storyboard; sourceTree = "<group>"; };
		B3EE5E022C0EE591000EE18F /* Info.plist */ = {isa = PBXFileReference; lastKnownFileType = text.plist.xml; path = Info.plist; sourceTree = "<group>"; };
		B3EE5E072C0EE591000EE18F /* yatriMitraTests.xctest */ = {isa = PBXFileReference; explicitFileType = wrapper.cfbundle; includeInIndex = 0; path = yatriMitraTests.xctest; sourceTree = BUILT_PRODUCTS_DIR; };
		B3EE5E0B2C0EE591000EE18F /* yatriMitraTests.swift */ = {isa = PBXFileReference; lastKnownFileType = sourcecode.swift; path = yatriMitraTests.swift; sourceTree = "<group>"; };
		B3EE5E112C0EE591000EE18F /* yatriMitraUITests.xctest */ = {isa = PBXFileReference; explicitFileType = wrapper.cfbundle; includeInIndex = 0; path = yatriMitraUITests.xctest; sourceTree = BUILT_PRODUCTS_DIR; };
		B3EE5E152C0EE591000EE18F /* yatriMitraUITests.swift */ = {isa = PBXFileReference; lastKnownFileType = sourcecode.swift; path = yatriMitraUITests.swift; sourceTree = "<group>"; };
		B3EE5E172C0EE591000EE18F /* yatriMitraUITestsLaunchTests.swift */ = {isa = PBXFileReference; lastKnownFileType = sourcecode.swift; path = yatriMitraUITestsLaunchTests.swift; sourceTree = "<group>"; };
		B3EECE7C2DA3E0010076C083 /* green_tick.json */ = {isa = PBXFileReference; lastKnownFileType = text.json; path = green_tick.json; sourceTree = "<group>"; };
		B3FAE99D2D1BDCA000C74E00 /* CustomKeyboard.swift */ = {isa = PBXFileReference; lastKnownFileType = sourcecode.swift; path = CustomKeyboard.swift; sourceTree = "<group>"; };
		B3FCA25C2C3404B6002C051D /* RegisterMobileNoViewController.swift */ = {isa = PBXFileReference; lastKnownFileType = sourcecode.swift; path = RegisterMobileNoViewController.swift; sourceTree = "<group>"; };
		B3FCA25E2C3404C7002C051D /* RegisterOTPViewController.swift */ = {isa = PBXFileReference; lastKnownFileType = sourcecode.swift; path = RegisterOTPViewController.swift; sourceTree = "<group>"; };
		B3FD4A702C1C72B300D8FE3D /* EmergencyTableViewCell.swift */ = {isa = PBXFileReference; lastKnownFileType = sourcecode.swift; path = EmergencyTableViewCell.swift; sourceTree = "<group>"; };
		B6470D65A86E2BD502104279 /* Pods-yatriMitra.debug.xcconfig */ = {isa = PBXFileReference; includeInIndex = 1; lastKnownFileType = text.xcconfig; name = "Pods-yatriMitra.debug.xcconfig"; path = "Target Support Files/Pods-yatriMitra/Pods-yatriMitra.debug.xcconfig"; sourceTree = "<group>"; };
		D18B2941A8634990DF79778C /* Pods-yatriMitra.release.xcconfig */ = {isa = PBXFileReference; includeInIndex = 1; lastKnownFileType = text.xcconfig; name = "Pods-yatriMitra.release.xcconfig"; path = "Target Support Files/Pods-yatriMitra/Pods-yatriMitra.release.xcconfig"; sourceTree = "<group>"; };
		D825D875C765D6C49D8F0B7C /* Pods-yatriMitra-yatriMitraUITests.debug.xcconfig */ = {isa = PBXFileReference; includeInIndex = 1; lastKnownFileType = text.xcconfig; name = "Pods-yatriMitra-yatriMitraUITests.debug.xcconfig"; path = "Target Support Files/Pods-yatriMitra-yatriMitraUITests/Pods-yatriMitra-yatriMitraUITests.debug.xcconfig"; sourceTree = "<group>"; };
		F249996C8847D1B133EFB974 /* Pods_yatriMitra_yatriMitraUITests.framework */ = {isa = PBXFileReference; explicitFileType = wrapper.framework; includeInIndex = 0; path = Pods_yatriMitra_yatriMitraUITests.framework; sourceTree = BUILT_PRODUCTS_DIR; };
		F7DA990A011F85F2FC2C7EBB /* Pods-yatriMitraTests.debug.xcconfig */ = {isa = PBXFileReference; includeInIndex = 1; lastKnownFileType = text.xcconfig; name = "Pods-yatriMitraTests.debug.xcconfig"; path = "Target Support Files/Pods-yatriMitraTests/Pods-yatriMitraTests.debug.xcconfig"; sourceTree = "<group>"; };
/* End PBXFileReference section */

/* Begin PBXFrameworksBuildPhase section */
		B3EE5DEE2C0EE590000EE18F /* Frameworks */ = {
			isa = PBXFrameworksBuildPhase;
			buildActionMask = 2147483647;
			files = (
				8FC1DE762E16A48400C9DCE8 /* FacebookLogin in Frameworks */,
				B323DCED2DA5247C00D7B127 /* FirebaseFirestoreCombine-Community in Frameworks */,
				B323DCD52DA5247C00D7B127 /* FirebaseAnalytics in Frameworks */,
				B3C94A0A2DA5194E00C90B0F /* GoogleMaps in Frameworks */,
				B323DCF72DA5247D00D7B127 /* FirebaseMLModelDownloader in Frameworks */,
				B3C94A132DA519BF00C90B0F /* GooglePlaces in Frameworks */,
				B323DCF52DA5247C00D7B127 /* FirebaseInstallations in Frameworks */,
				B323DD032DA5247D00D7B127 /* FirebaseVertexAI in Frameworks */,
				B323DCF92DA5247D00D7B127 /* FirebaseMessaging in Frameworks */,
				B323DCE32DA5247C00D7B127 /* FirebaseCore in Frameworks */,
				8FC1DE742E16A48400C9DCE8 /* FacebookCore in Frameworks */,
				B323DCFD2DA5247D00D7B127 /* FirebaseRemoteConfig in Frameworks */,
				B3D1AD4D2DA5275C003FD30C /* Lottie in Frameworks */,
				B323DCEB2DA5247C00D7B127 /* FirebaseFirestore in Frameworks */,
				B323DCFB2DA5247D00D7B127 /* FirebasePerformance in Frameworks */,
				B323DCEF2DA5247C00D7B127 /* FirebaseFunctions in Frameworks */,
				B323DCE92DA5247C00D7B127 /* FirebaseDynamicLinks in Frameworks */,
				B353406A2DA52D750040E0E5 /* Alamofire in Frameworks */,
				B323DCE12DA5247C00D7B127 /* FirebaseAuthCombine-Community in Frameworks */,
				B323DCE72DA5247C00D7B127 /* FirebaseDatabase in Frameworks */,
				954C9F9928C2C250B29A8857 /* Pods_yatriMitra.framework in Frameworks */,
				B3C94A162DA519DA00C90B0F /* DotLottie in Frameworks */,
				B323DCF12DA5247C00D7B127 /* FirebaseFunctionsCombine-Community in Frameworks */,
				B323DCDF2DA5247C00D7B127 /* FirebaseAuth in Frameworks */,
				B323DCD92DA5247C00D7B127 /* FirebaseAnalyticsWithoutAdIdSupport in Frameworks */,
				B323DCF32DA5247C00D7B127 /* FirebaseInAppMessaging-Beta in Frameworks */,
				B323DCDB2DA5247C00D7B127 /* FirebaseAppCheck in Frameworks */,
				B323DCE52DA5247C00D7B127 /* FirebaseCrashlytics in Frameworks */,
				B323DCFF2DA5247D00D7B127 /* FirebaseStorage in Frameworks */,
				8FC1DE782E16A48400C9DCE8 /* FacebookShare in Frameworks */,
				B323DCDD2DA5247C00D7B127 /* FirebaseAppDistribution-Beta in Frameworks */,
				B323DD012DA5247D00D7B127 /* FirebaseStorageCombine-Community in Frameworks */,
				B323DCD72DA5247C00D7B127 /* FirebaseAnalyticsOnDeviceConversion in Frameworks */,
			);
			runOnlyForDeploymentPostprocessing = 0;
		};
		B3EE5E042C0EE591000EE18F /* Frameworks */ = {
			isa = PBXFrameworksBuildPhase;
			buildActionMask = 2147483647;
			files = (
				AD2ADFCF80B4C103DE2D6243 /* Pods_yatriMitraTests.framework in Frameworks */,
			);
			runOnlyForDeploymentPostprocessing = 0;
		};
		B3EE5E0E2C0EE591000EE18F /* Frameworks */ = {
			isa = PBXFrameworksBuildPhase;
			buildActionMask = 2147483647;
			files = (
				2B48D912F9612D3C4B448760 /* Pods_yatriMitra_yatriMitraUITests.framework in Frameworks */,
			);
			runOnlyForDeploymentPostprocessing = 0;
		};
/* End PBXFrameworksBuildPhase section */

/* Begin PBXGroup section */
		518365BEF32AF7F8A437457C /* Frameworks */ = {
			isa = PBXGroup;
			children = (
				36F5F596DCFA365F3FC23959 /* Pods_yatriMitra.framework */,
				F249996C8847D1B133EFB974 /* Pods_yatriMitra_yatriMitraUITests.framework */,
				8A078FEBB589CC091D1052CF /* Pods_yatriMitraTests.framework */,
			);
			name = Frameworks;
			sourceTree = "<group>";
		};
		9E486A8A2D3961A900C389D0 /* WebLinks */ = {
			isa = PBXGroup;
			children = (
				B37D06CA2D4B729C0057EE0D /* About_Html_code.html */,
				B37D06CC2D4B7D130057EE0D /* About_Html_code 2.html */,
				9E486A8B2D39633B00C389D0 /* TermsandConditionsViewController.swift */,
				9E486A8D2D396F9300C389D0 /* PrivacyPolicyViewController.swift */,
				B301DDC62D3A115C00D2B3D3 /* DeleteAccountViewController.swift */,
				B301DDC82D3A147400D2B3D3 /* TermsandConditionsInAppViewController.swift */,
				B34985072D3A155D00383389 /* PrivacyPolicyInAppViewController.swift */,
				B34985092D3A83F200383389 /* FareCardViewController.swift */,
			);
			path = WebLinks;
			sourceTree = "<group>";
		};
		B30542D32D51EFEF00885F0F /* Project_Fonts */ = {
			isa = PBXGroup;
			children = (
				B30542D42D51F00800885F0F /* Lato-Black.ttf */,
				B30542D52D51F00800885F0F /* Lato-BlackItalic.ttf */,
				B30542D62D51F00800885F0F /* Lato-Bold.ttf */,
				B30542D72D51F00800885F0F /* Lato-BoldItalic.ttf */,
				B30542D82D51F00800885F0F /* Lato-Italic.ttf */,
				B30542EA2D51F02300885F0F /* Poppins-Black.ttf */,
				B30542EB2D51F02300885F0F /* Poppins-BlackItalic.ttf */,
				B30542EC2D51F02300885F0F /* Poppins-Bold.ttf */,
				B30542ED2D51F02300885F0F /* Poppins-BoldItalic.ttf */,
				B30542EE2D51F02300885F0F /* Poppins-ExtraBold.ttf */,
				B30542EF2D51F02300885F0F /* Poppins-ExtraBoldItalic.ttf */,
				B30542F02D51F02300885F0F /* Poppins-ExtraLight.ttf */,
				B30542F12D51F02300885F0F /* Poppins-ExtraLightItalic.ttf */,
				B30542F22D51F02300885F0F /* Poppins-Italic.ttf */,
				B30542F32D51F02300885F0F /* Poppins-Light.ttf */,
				B30542F42D51F02300885F0F /* Poppins-LightItalic.ttf */,
				B30542F52D51F02300885F0F /* Poppins-Medium.ttf */,
				B30542F62D51F02300885F0F /* Poppins-MediumItalic.ttf */,
				B30542F72D51F02300885F0F /* Poppins-Regular.ttf */,
				B30542F82D51F02300885F0F /* Poppins-SemiBold.ttf */,
				B30542F92D51F02300885F0F /* Poppins-SemiBoldItalic.ttf */,
				B30542FA2D51F02300885F0F /* Poppins-Thin.ttf */,
				B30542FB2D51F02300885F0F /* Poppins-ThinItalic.ttf */,
				B30542D92D51F00800885F0F /* Lato-Light.ttf */,
				B30542DA2D51F00800885F0F /* Lato-LightItalic.ttf */,
				B30542DB2D51F00800885F0F /* Lato-Regular.ttf */,
				B30542DC2D51F00800885F0F /* Lato-Thin.ttf */,
				B30542DD2D51F00800885F0F /* Lato-ThinItalic.ttf */,
			);
			path = Project_Fonts;
			sourceTree = "<group>";
		};
		B30E571F2C2017B50019CF01 /* BookACab */ = {
			isa = PBXGroup;
			children = (
				B3B0AFDD2C1C3E5500377EDD /* BookACabViewController.swift */,
				B30E57202C2018220019CF01 /* BookACabTableViewCell.swift */,
			);
			path = BookACab;
			sourceTree = "<group>";
		};
		B312CF712C196C46000D3885 /* SideMenuControllers */ = {
			isa = PBXGroup;
			children = (
				B391A85D2C21656700E50553 /* Ride History */,
				B3A5A15F2C1FFC6A004BED95 /* About */,
				B3FD4A6F2C1C714500D8FE3D /* Emergency */,
				B312CF722C197A33000D3885 /* ProfileViewController.swift */,
				B312CF782C197A6E000D3885 /* SupportViewController.swift */,
			);
			path = SideMenuControllers;
			sourceTree = "<group>";
		};
		B32CF5B02C760FFF00D08883 /* CurrentToDestination */ = {
			isa = PBXGroup;
			children = (
				B312CF7C2C19B141000D3885 /* CurrenttoDestinationViewController.swift */,
				B32CF5B42C76114700D08883 /* RecentSearchesTableViewCell.swift */,
			);
			path = CurrentToDestination;
			sourceTree = "<group>";
		};
		B32CF5B12C76103300D08883 /* Dashboard */ = {
			isa = PBXGroup;
			children = (
				B32CF5B22C76105800D08883 /* Hamburger Menu */,
				B34961B72C0F2F6000216D15 /* MapViewController.swift */,
				B350C4DB2C7715CB008509AF /* dashBoardRecentSearchesTableViewCell.swift */,
			);
			path = Dashboard;
			sourceTree = "<group>";
		};
		B32CF5B22C76105800D08883 /* Hamburger Menu */ = {
			isa = PBXGroup;
			children = (
				B32CF5B32C76109D00D08883 /* Hamburger Menu Cell */,
				B312CF712C196C46000D3885 /* SideMenuControllers */,
				B33CAE2E2D49F9C400984143 /* ShareAppViewController.swift */,
			);
			path = "Hamburger Menu";
			sourceTree = "<group>";
		};
		B32CF5B32C76109D00D08883 /* Hamburger Menu Cell */ = {
			isa = PBXGroup;
			children = (
				B312CF6D2C196633000D3885 /* SideMenuTableViewCell.swift */,
			);
			path = "Hamburger Menu Cell";
			sourceTree = "<group>";
		};
		B3341EB62D128C9E0066BDD2 /* Class */ = {
			isa = PBXGroup;
			children = (
				B36B524D2D31202A003AF434 /* BaseURL.swift */,
				B3FAE99D2D1BDCA000C74E00 /* CustomKeyboard.swift */,
				B3341EB72D128CA70066BDD2 /* Debounce.swift */,
			);
			path = Class;
			sourceTree = "<group>";
		};
		B34961BA2C0F3D7400216D15 /* Controllers */ = {
			isa = PBXGroup;
			children = (
				B36262292DA3B10700D1C2B7 /* GIF Animation */,
				9E486A8A2D3961A900C389D0 /* WebLinks */,
				B3341EB62D128C9E0066BDD2 /* Class */,
				B301BA852CC244D600E53276 /* SessionManager.swift */,
				B30318B32CB7EEE500CE1244 /* TimerManger.swift */,
				B32CF5B12C76103300D08883 /* Dashboard */,
				B32CF5B02C760FFF00D08883 /* CurrentToDestination */,
				B3AC2FB12C33E410000F4FA1 /* Registration */,
				B3AC2FB02C33E405000F4FA1 /* Login */,
				B30E571F2C2017B50019CF01 /* BookACab */,
				8F3228562C2565E000A46F3F /* RideConfirmViewController.swift */,
				B3EE5DF82C0EE590000EE18F /* ViewController.swift */,
				B34961B52C0F0E9400216D15 /* GPSSettingViewController.swift */,
				B3E3E64D2C22A1E200B83838 /* RideStartedViewController.swift */,
				8F016A932C35342D00FB8846 /* WelcomeViewController.swift */,
				8FA188F92C3D105300B2671C /* Reachability.swift */,
				8FA188FD2C3D135700B2671C /* ToastView.swift */,
				8FCF9B282C4105E3005C026E /* BlurView.swift */,
				B3EC1D362C75EAF700653CA0 /* EndTripViewController.swift */,
				B34FD99B2C7DD40F008222B0 /* RideViewController.swift */,
				B3ACA3D72D36600400984C7F /* LoginRegisterViewController.swift */,
			);
			path = Controllers;
			sourceTree = "<group>";
		};
		B358DC8F2C85722300307AFD /* Storyboard */ = {
			isa = PBXGroup;
			children = (
				B312CF6E2C196633000D3885 /* SideMenuTableViewCell.xib */,
				B3EE5DFA2C0EE590000EE18F /* Main.storyboard */,
				B3EE5DFD2C0EE591000EE18F /* Assets.xcassets */,
				B3EE5DFF2C0EE591000EE18F /* LaunchScreen.storyboard */,
			);
			path = Storyboard;
			sourceTree = "<group>";
		};
		B358DC912C85726700307AFD /* Main */ = {
			isa = PBXGroup;
			children = (
				B3EE5DF42C0EE590000EE18F /* AppDelegate.swift */,
				B3EE5DF62C0EE590000EE18F /* SceneDelegate.swift */,
			);
			path = Main;
			sourceTree = "<group>";
		};
		B36262292DA3B10700D1C2B7 /* GIF Animation */ = {
			isa = PBXGroup;
			children = (
				B3EECE7C2DA3E0010076C083 /* green_tick.json */,
				B362622A2DA3B11800D1C2B7 /* Animation - 1744005140184.gif */,
			);
			path = "GIF Animation";
			sourceTree = "<group>";
		};
		B391A85D2C21656700E50553 /* Ride History */ = {
			isa = PBXGroup;
			children = (
				B312CF742C197A41000D3885 /* RideHistoryViewController.swift */,
				B375B96E2C2186C7009C469E /* RideHistoryTableViewCell.swift */,
				B3EC105C2C2AC9C300A6511E /* RideHistoryDetailsViewController.swift */,
			);
			path = "Ride History";
			sourceTree = "<group>";
		};
		B3A5A15F2C1FFC6A004BED95 /* About */ = {
			isa = PBXGroup;
			children = (
				B312CF7A2C197A82000D3885 /* AboutViewController.swift */,
				B3A5A1602C1FFC9B004BED95 /* AboutTableViewCell.swift */,
			);
			path = About;
			sourceTree = "<group>";
		};
		B3AC2FB02C33E405000F4FA1 /* Login */ = {
			isa = PBXGroup;
			children = (
				B34961B02C0EE90700216D15 /* OTPViewController.swift */,
				B34961AF2C0EE90700216D15 /* MobileNoViewController.swift */,
			);
			path = Login;
			sourceTree = "<group>";
		};
		B3AC2FB12C33E410000F4FA1 /* Registration */ = {
			isa = PBXGroup;
			children = (
				8F3737882C2A8C640007DFED /* RegistrationViewController.swift */,
				B3FCA25C2C3404B6002C051D /* RegisterMobileNoViewController.swift */,
				B3FCA25E2C3404C7002C051D /* RegisterOTPViewController.swift */,
			);
			path = Registration;
			sourceTree = "<group>";
		};
		B3EE5DE82C0EE590000EE18F = {
			isa = PBXGroup;
			children = (
				B3EE5DF32C0EE590000EE18F /* yatriMitra */,
				B3EE5E0A2C0EE591000EE18F /* yatriMitraTests */,
				B3EE5E142C0EE591000EE18F /* yatriMitraUITests */,
				B3EE5DF22C0EE590000EE18F /* Products */,
				CB079950FD73C9D7EBF079AC /* Pods */,
				518365BEF32AF7F8A437457C /* Frameworks */,
			);
			sourceTree = "<group>";
		};
		B3EE5DF22C0EE590000EE18F /* Products */ = {
			isa = PBXGroup;
			children = (
				B3EE5DF12C0EE590000EE18F /* yatriMitra.app */,
				B3EE5E072C0EE591000EE18F /* yatriMitraTests.xctest */,
				B3EE5E112C0EE591000EE18F /* yatriMitraUITests.xctest */,
			);
			name = Products;
			sourceTree = "<group>";
		};
		B3EE5DF32C0EE590000EE18F /* yatriMitra */ = {
			isa = PBXGroup;
			children = (
				664C752D2E6EE9DE00B2AEFC /* NotiTone.caf */,
				B30542D32D51EFEF00885F0F /* Project_Fonts */,
				B3767AC02C88343F00A4F267 /* yatriMitra.entitlements */,
				B358DC912C85726700307AFD /* Main */,
				B358DC8F2C85722300307AFD /* Storyboard */,
				B34961BA2C0F3D7400216D15 /* Controllers */,
				B3A1AB052D78505000D1068D /* NetworkManager.swift */,
				B37027692C92B2300031D934 /* GoogleService-Info.plist */,
				B3EE5E022C0EE591000EE18F /* Info.plist */,
				B34E72082C9AB46E00D80E83 /* yatriMitra.xcdatamodeld */,
				B3578A882C2BF2EC00661EFE /* Settings.bundle */,
			);
			path = yatriMitra;
			sourceTree = "<group>";
		};
		B3EE5E0A2C0EE591000EE18F /* yatriMitraTests */ = {
			isa = PBXGroup;
			children = (
				B3EE5E0B2C0EE591000EE18F /* yatriMitraTests.swift */,
			);
			path = yatriMitraTests;
			sourceTree = "<group>";
		};
		B3EE5E142C0EE591000EE18F /* yatriMitraUITests */ = {
			isa = PBXGroup;
			children = (
				B3EE5E152C0EE591000EE18F /* yatriMitraUITests.swift */,
				B3EE5E172C0EE591000EE18F /* yatriMitraUITestsLaunchTests.swift */,
			);
			path = yatriMitraUITests;
			sourceTree = "<group>";
		};
		B3FD4A6F2C1C714500D8FE3D /* Emergency */ = {
			isa = PBXGroup;
			children = (
				B312CF762C197A55000D3885 /* EmergencyViewController.swift */,
				B3FD4A702C1C72B300D8FE3D /* EmergencyTableViewCell.swift */,
			);
			path = Emergency;
			sourceTree = "<group>";
		};
		CB079950FD73C9D7EBF079AC /* Pods */ = {
			isa = PBXGroup;
			children = (
				B6470D65A86E2BD502104279 /* Pods-yatriMitra.debug.xcconfig */,
				D18B2941A8634990DF79778C /* Pods-yatriMitra.release.xcconfig */,
				D825D875C765D6C49D8F0B7C /* Pods-yatriMitra-yatriMitraUITests.debug.xcconfig */,
				7B94ED903F85D4ED29C69257 /* Pods-yatriMitra-yatriMitraUITests.release.xcconfig */,
				F7DA990A011F85F2FC2C7EBB /* Pods-yatriMitraTests.debug.xcconfig */,
				214961BD89E4B4216E1C0B95 /* Pods-yatriMitraTests.release.xcconfig */,
			);
			path = Pods;
			sourceTree = "<group>";
		};
/* End PBXGroup section */

/* Begin PBXNativeTarget section */
		B3EE5DF02C0EE590000EE18F /* yatriMitra */ = {
			isa = PBXNativeTarget;
			buildConfigurationList = B3EE5E1B2C0EE591000EE18F /* Build configuration list for PBXNativeTarget "yatriMitra" */;
			buildPhases = (
				B66EBDB34F003B5E26647A4E /* [CP] Check Pods Manifest.lock */,
				B3EE5DED2C0EE590000EE18F /* Sources */,
				B3EE5DEE2C0EE590000EE18F /* Frameworks */,
				B3EE5DEF2C0EE590000EE18F /* Resources */,
				B3BB65E52C32848900E28DC2 /* Embed Frameworks */,
			);
			buildRules = (
			);
			dependencies = (
			);
			name = yatriMitra;
			packageProductDependencies = (
				B3C94A092DA5194E00C90B0F /* GoogleMaps */,
				B3C94A122DA519BF00C90B0F /* GooglePlaces */,
				B3C94A152DA519DA00C90B0F /* DotLottie */,
				B323DCD42DA5247C00D7B127 /* FirebaseAnalytics */,
				B323DCD62DA5247C00D7B127 /* FirebaseAnalyticsOnDeviceConversion */,
				B323DCD82DA5247C00D7B127 /* FirebaseAnalyticsWithoutAdIdSupport */,
				B323DCDA2DA5247C00D7B127 /* FirebaseAppCheck */,
				B323DCDC2DA5247C00D7B127 /* FirebaseAppDistribution-Beta */,
				B323DCDE2DA5247C00D7B127 /* FirebaseAuth */,
				B323DCE02DA5247C00D7B127 /* FirebaseAuthCombine-Community */,
				B323DCE22DA5247C00D7B127 /* FirebaseCore */,
				B323DCE42DA5247C00D7B127 /* FirebaseCrashlytics */,
				B323DCE62DA5247C00D7B127 /* FirebaseDatabase */,
				B323DCE82DA5247C00D7B127 /* FirebaseDynamicLinks */,
				B323DCEA2DA5247C00D7B127 /* FirebaseFirestore */,
				B323DCEC2DA5247C00D7B127 /* FirebaseFirestoreCombine-Community */,
				B323DCEE2DA5247C00D7B127 /* FirebaseFunctions */,
				B323DCF02DA5247C00D7B127 /* FirebaseFunctionsCombine-Community */,
				B323DCF22DA5247C00D7B127 /* FirebaseInAppMessaging-Beta */,
				B323DCF42DA5247C00D7B127 /* FirebaseInstallations */,
				B323DCF62DA5247D00D7B127 /* FirebaseMLModelDownloader */,
				B323DCF82DA5247D00D7B127 /* FirebaseMessaging */,
				B323DCFA2DA5247D00D7B127 /* FirebasePerformance */,
				B323DCFC2DA5247D00D7B127 /* FirebaseRemoteConfig */,
				B323DCFE2DA5247D00D7B127 /* FirebaseStorage */,
				B323DD002DA5247D00D7B127 /* FirebaseStorageCombine-Community */,
				B323DD022DA5247D00D7B127 /* FirebaseVertexAI */,
				B3D1AD4C2DA5275C003FD30C /* Lottie */,
				B35340692DA52D750040E0E5 /* Alamofire */,
				8FC1DE732E16A48400C9DCE8 /* FacebookCore */,
				8FC1DE752E16A48400C9DCE8 /* FacebookLogin */,
				8FC1DE772E16A48400C9DCE8 /* FacebookShare */,
			);
			productName = yatriMitra;
			productReference = B3EE5DF12C0EE590000EE18F /* yatriMitra.app */;
			productType = "com.apple.product-type.application";
		};
		B3EE5E062C0EE591000EE18F /* yatriMitraTests */ = {
			isa = PBXNativeTarget;
			buildConfigurationList = B3EE5E1E2C0EE591000EE18F /* Build configuration list for PBXNativeTarget "yatriMitraTests" */;
			buildPhases = (
				AAD87C7F3FE53C0703F3D1B5 /* [CP] Check Pods Manifest.lock */,
				B3EE5E032C0EE591000EE18F /* Sources */,
				B3EE5E042C0EE591000EE18F /* Frameworks */,
				B3EE5E052C0EE591000EE18F /* Resources */,
				921068813F8694CC59F68CDD /* [CP] Embed Pods Frameworks */,
				7CAEE92BF83CBFDB0362F16A /* [CP] Copy Pods Resources */,
			);
			buildRules = (
			);
			dependencies = (
				B3EE5E092C0EE591000EE18F /* PBXTargetDependency */,
			);
			name = yatriMitraTests;
			productName = yatriMitraTests;
			productReference = B3EE5E072C0EE591000EE18F /* yatriMitraTests.xctest */;
			productType = "com.apple.product-type.bundle.unit-test";
		};
		B3EE5E102C0EE591000EE18F /* yatriMitraUITests */ = {
			isa = PBXNativeTarget;
			buildConfigurationList = B3EE5E212C0EE591000EE18F /* Build configuration list for PBXNativeTarget "yatriMitraUITests" */;
			buildPhases = (
				80DAAE8D0C55C2A1588FD0CC /* [CP] Check Pods Manifest.lock */,
				B3EE5E0D2C0EE591000EE18F /* Sources */,
				B3EE5E0E2C0EE591000EE18F /* Frameworks */,
				B3EE5E0F2C0EE591000EE18F /* Resources */,
			);
			buildRules = (
			);
			dependencies = (
				B3EE5E132C0EE591000EE18F /* PBXTargetDependency */,
			);
			name = yatriMitraUITests;
			productName = yatriMitraUITests;
			productReference = B3EE5E112C0EE591000EE18F /* yatriMitraUITests.xctest */;
			productType = "com.apple.product-type.bundle.ui-testing";
		};
/* End PBXNativeTarget section */

/* Begin PBXProject section */
		B3EE5DE92C0EE590000EE18F /* Project object */ = {
			isa = PBXProject;
			attributes = {
				BuildIndependentTargetsInParallel = 1;
				LastSwiftUpdateCheck = 1500;
				LastUpgradeCheck = 1500;
				TargetAttributes = {
					B3EE5DF02C0EE590000EE18F = {
						CreatedOnToolsVersion = 15.0.1;
					};
					B3EE5E062C0EE591000EE18F = {
						CreatedOnToolsVersion = 15.0.1;
						TestTargetID = B3EE5DF02C0EE590000EE18F;
					};
					B3EE5E102C0EE591000EE18F = {
						CreatedOnToolsVersion = 15.0.1;
						TestTargetID = B3EE5DF02C0EE590000EE18F;
					};
				};
			};
			buildConfigurationList = B3EE5DEC2C0EE590000EE18F /* Build configuration list for PBXProject "yatriMitra" */;
			compatibilityVersion = "Xcode 14.0";
			developmentRegion = en;
			hasScannedForEncodings = 0;
			knownRegions = (
				en,
				Base,
			);
			mainGroup = B3EE5DE82C0EE590000EE18F;
			packageReferences = (
				B3C94A082DA5194E00C90B0F /* XCRemoteSwiftPackageReference "ios-maps-sdk" */,
				B3C94A102DA5199300C90B0F /* XCRemoteSwiftPackageReference "firebase-ios-sdk" */,
				B3C94A112DA519BF00C90B0F /* XCRemoteSwiftPackageReference "ios-places-sdk" */,
				B3C94A142DA519DA00C90B0F /* XCRemoteSwiftPackageReference "dotlottie-ios" */,
				B317DAFB2DA522640013F6F7 /* XCRemoteSwiftPackageReference "lottie-ios" */,
				B35340682DA52D750040E0E5 /* XCRemoteSwiftPackageReference "Alamofire" */,
				8FC1DE722E16A48400C9DCE8 /* XCRemoteSwiftPackageReference "facebook-ios-sdk" */,
			);
			productRefGroup = B3EE5DF22C0EE590000EE18F /* Products */;
			projectDirPath = "";
			projectRoot = "";
			targets = (
				B3EE5DF02C0EE590000EE18F /* yatriMitra */,
				B3EE5E062C0EE591000EE18F /* yatriMitraTests */,
				B3EE5E102C0EE591000EE18F /* yatriMitraUITests */,
			);
		};
/* End PBXProject section */

/* Begin PBXResourcesBuildPhase section */
		B3EE5DEF2C0EE590000EE18F /* Resources */ = {
			isa = PBXResourcesBuildPhase;
			buildActionMask = 2147483647;
			files = (
				B3B1623E2C9B06EF002CB630 /* LaunchScreen.storyboard in Resources */,
				B3578A892C2BF2EC00661EFE /* Settings.bundle in Resources */,
				664C752E2E6EE9DE00B2AEFC /* NotiTone.caf in Resources */,
				B30542DF2D51F00800885F0F /* Lato-Thin.ttf in Resources */,
				B30542E02D51F00800885F0F /* Lato-ThinItalic.ttf in Resources */,
				B30542E12D51F00800885F0F /* Lato-Italic.ttf in Resources */,
				B30542E32D51F00800885F0F /* Lato-Regular.ttf in Resources */,
				B30542FC2D51F02300885F0F /* Poppins-Black.ttf in Resources */,
				B30542FD2D51F02300885F0F /* Poppins-ExtraLight.ttf in Resources */,
				B30542FE2D51F02300885F0F /* Poppins-Regular.ttf in Resources */,
				B30542FF2D51F02300885F0F /* Poppins-BlackItalic.ttf in Resources */,
				B30543002D51F02300885F0F /* Poppins-Bold.ttf in Resources */,
				B30543012D51F02300885F0F /* Poppins-Thin.ttf in Resources */,
				B30543022D51F02300885F0F /* Poppins-MediumItalic.ttf in Resources */,
				B30543032D51F02300885F0F /* Poppins-Light.ttf in Resources */,
				B30543042D51F02300885F0F /* Poppins-SemiBold.ttf in Resources */,
				B30543052D51F02300885F0F /* Poppins-LightItalic.ttf in Resources */,
				B30543062D51F02300885F0F /* Poppins-BoldItalic.ttf in Resources */,
				B30543072D51F02300885F0F /* Poppins-ExtraBold.ttf in Resources */,
				B30543082D51F02300885F0F /* Poppins-ExtraBoldItalic.ttf in Resources */,
				B30543092D51F02300885F0F /* Poppins-Italic.ttf in Resources */,
				B305430A2D51F02300885F0F /* Poppins-Medium.ttf in Resources */,
				B305430B2D51F02300885F0F /* Poppins-ExtraLightItalic.ttf in Resources */,
				B362622B2DA3B11800D1C2B7 /* Animation - 1744005140184.gif in Resources */,
				B305430C2D51F02300885F0F /* Poppins-ThinItalic.ttf in Resources */,
				B305430D2D51F02300885F0F /* Poppins-SemiBoldItalic.ttf in Resources */,
				B30542E42D51F00800885F0F /* Lato-BlackItalic.ttf in Resources */,
				B30542E52D51F00800885F0F /* Lato-Bold.ttf in Resources */,
				B30542E62D51F00800885F0F /* Lato-Black.ttf in Resources */,
				B30542E72D51F00800885F0F /* Lato-BoldItalic.ttf in Resources */,
				B30542E82D51F00800885F0F /* Lato-Light.ttf in Resources */,
				B3EECE7D2DA3E0010076C083 /* green_tick.json in Resources */,
				B30542E92D51F00800885F0F /* Lato-LightItalic.ttf in Resources */,
				B3EE5DFC2C0EE590000EE18F /* Main.storyboard in Resources */,
				B312CF702C196633000D3885 /* SideMenuTableViewCell.xib in Resources */,
				B37D06CD2D4B7D130057EE0D /* About_Html_code 2.html in Resources */,
				B3220BF12C3E91C3008F23B9 /* Assets.xcassets in Resources */,
				B370276A2C92B2300031D934 /* GoogleService-Info.plist in Resources */,
				B37D06CB2D4B729C0057EE0D /* About_Html_code.html in Resources */,
			);
			runOnlyForDeploymentPostprocessing = 0;
		};
		B3EE5E052C0EE591000EE18F /* Resources */ = {
			isa = PBXResourcesBuildPhase;
			buildActionMask = 2147483647;
			files = (
			);
			runOnlyForDeploymentPostprocessing = 0;
		};
		B3EE5E0F2C0EE591000EE18F /* Resources */ = {
			isa = PBXResourcesBuildPhase;
			buildActionMask = 2147483647;
			files = (
			);
			runOnlyForDeploymentPostprocessing = 0;
		};
/* End PBXResourcesBuildPhase section */

/* Begin PBXShellScriptBuildPhase section */
		7CAEE92BF83CBFDB0362F16A /* [CP] Copy Pods Resources */ = {
			isa = PBXShellScriptBuildPhase;
			buildActionMask = 2147483647;
			files = (
			);
			inputFileListPaths = (
				"${PODS_ROOT}/Target Support Files/Pods-yatriMitraTests/Pods-yatriMitraTests-resources-${CONFIGURATION}-input-files.xcfilelist",
			);
			inputPaths = (
			);
			name = "[CP] Copy Pods Resources";
			outputFileListPaths = (
				"${PODS_ROOT}/Target Support Files/Pods-yatriMitraTests/Pods-yatriMitraTests-resources-${CONFIGURATION}-output-files.xcfilelist",
			);
			outputPaths = (
			);
			runOnlyForDeploymentPostprocessing = 0;
			shellPath = /bin/sh;
			shellScript = "\"${PODS_ROOT}/Target Support Files/Pods-yatriMitraTests/Pods-yatriMitraTests-resources.sh\"\n";
			showEnvVarsInLog = 0;
		};
		80DAAE8D0C55C2A1588FD0CC /* [CP] Check Pods Manifest.lock */ = {
			isa = PBXShellScriptBuildPhase;
			buildActionMask = 2147483647;
			files = (
			);
			inputFileListPaths = (
			);
			inputPaths = (
				"${PODS_PODFILE_DIR_PATH}/Podfile.lock",
				"${PODS_ROOT}/Manifest.lock",
			);
			name = "[CP] Check Pods Manifest.lock";
			outputFileListPaths = (
			);
			outputPaths = (
				"$(DERIVED_FILE_DIR)/Pods-yatriMitra-yatriMitraUITests-checkManifestLockResult.txt",
			);
			runOnlyForDeploymentPostprocessing = 0;
			shellPath = /bin/sh;
			shellScript = "diff \"${PODS_PODFILE_DIR_PATH}/Podfile.lock\" \"${PODS_ROOT}/Manifest.lock\" > /dev/null\nif [ $? != 0 ] ; then\n    # print error to STDERR\n    echo \"error: The sandbox is not in sync with the Podfile.lock. Run 'pod install' or update your CocoaPods installation.\" >&2\n    exit 1\nfi\n# This output is used by Xcode 'outputs' to avoid re-running this script phase.\necho \"SUCCESS\" > \"${SCRIPT_OUTPUT_FILE_0}\"\n";
			showEnvVarsInLog = 0;
		};
		921068813F8694CC59F68CDD /* [CP] Embed Pods Frameworks */ = {
			isa = PBXShellScriptBuildPhase;
			buildActionMask = 2147483647;
			files = (
			);
			inputFileListPaths = (
				"${PODS_ROOT}/Target Support Files/Pods-yatriMitraTests/Pods-yatriMitraTests-frameworks-${CONFIGURATION}-input-files.xcfilelist",
			);
			inputPaths = (
			);
			name = "[CP] Embed Pods Frameworks";
			outputFileListPaths = (
				"${PODS_ROOT}/Target Support Files/Pods-yatriMitraTests/Pods-yatriMitraTests-frameworks-${CONFIGURATION}-output-files.xcfilelist",
			);
			outputPaths = (
			);
			runOnlyForDeploymentPostprocessing = 0;
			shellPath = /bin/sh;
			shellScript = "\"${PODS_ROOT}/Target Support Files/Pods-yatriMitraTests/Pods-yatriMitraTests-frameworks.sh\"\n";
			showEnvVarsInLog = 0;
		};
		AAD87C7F3FE53C0703F3D1B5 /* [CP] Check Pods Manifest.lock */ = {
			isa = PBXShellScriptBuildPhase;
			buildActionMask = 2147483647;
			files = (
			);
			inputFileListPaths = (
			);
			inputPaths = (
				"${PODS_PODFILE_DIR_PATH}/Podfile.lock",
				"${PODS_ROOT}/Manifest.lock",
			);
			name = "[CP] Check Pods Manifest.lock";
			outputFileListPaths = (
			);
			outputPaths = (
				"$(DERIVED_FILE_DIR)/Pods-yatriMitraTests-checkManifestLockResult.txt",
			);
			runOnlyForDeploymentPostprocessing = 0;
			shellPath = /bin/sh;
			shellScript = "diff \"${PODS_PODFILE_DIR_PATH}/Podfile.lock\" \"${PODS_ROOT}/Manifest.lock\" > /dev/null\nif [ $? != 0 ] ; then\n    # print error to STDERR\n    echo \"error: The sandbox is not in sync with the Podfile.lock. Run 'pod install' or update your CocoaPods installation.\" >&2\n    exit 1\nfi\n# This output is used by Xcode 'outputs' to avoid re-running this script phase.\necho \"SUCCESS\" > \"${SCRIPT_OUTPUT_FILE_0}\"\n";
			showEnvVarsInLog = 0;
		};
		B66EBDB34F003B5E26647A4E /* [CP] Check Pods Manifest.lock */ = {
			isa = PBXShellScriptBuildPhase;
			buildActionMask = 2147483647;
			files = (
			);
			inputFileListPaths = (
			);
			inputPaths = (
				"${PODS_PODFILE_DIR_PATH}/Podfile.lock",
				"${PODS_ROOT}/Manifest.lock",
			);
			name = "[CP] Check Pods Manifest.lock";
			outputFileListPaths = (
			);
			outputPaths = (
				"$(DERIVED_FILE_DIR)/Pods-yatriMitra-checkManifestLockResult.txt",
			);
			runOnlyForDeploymentPostprocessing = 0;
			shellPath = /bin/sh;
			shellScript = "diff \"${PODS_PODFILE_DIR_PATH}/Podfile.lock\" \"${PODS_ROOT}/Manifest.lock\" > /dev/null\nif [ $? != 0 ] ; then\n    # print error to STDERR\n    echo \"error: The sandbox is not in sync with the Podfile.lock. Run 'pod install' or update your CocoaPods installation.\" >&2\n    exit 1\nfi\n# This output is used by Xcode 'outputs' to avoid re-running this script phase.\necho \"SUCCESS\" > \"${SCRIPT_OUTPUT_FILE_0}\"\n";
			showEnvVarsInLog = 0;
		};
/* End PBXShellScriptBuildPhase section */

/* Begin PBXSourcesBuildPhase section */
		B3EE5DED2C0EE590000EE18F /* Sources */ = {
			isa = PBXSourcesBuildPhase;
			buildActionMask = 2147483647;
			files = (
				B349850A2D3A83F200383389 /* FareCardViewController.swift in Sources */,
				B3FCA25D2C3404B6002C051D /* RegisterMobileNoViewController.swift in Sources */,
				B3E3E64E2C22A1E200B83838 /* RideStartedViewController.swift in Sources */,
				9E486A8C2D39633B00C389D0 /* TermsandConditionsViewController.swift in Sources */,
				B312CF7D2C19B141000D3885 /* CurrenttoDestinationViewController.swift in Sources */,
				B350C4DC2C7715CB008509AF /* dashBoardRecentSearchesTableViewCell.swift in Sources */,
				B3FCA25F2C3404C7002C051D /* RegisterOTPViewController.swift in Sources */,
				B34961B22C0EE90700216D15 /* OTPViewController.swift in Sources */,
				B3FAE99E2D1BDCA600C74E00 /* CustomKeyboard.swift in Sources */,
				8FA188FA2C3D105300B2671C /* Reachability.swift in Sources */,
				B301DDC72D3A115C00D2B3D3 /* DeleteAccountViewController.swift in Sources */,
				B3EE5DF92C0EE590000EE18F /* ViewController.swift in Sources */,
				B312CF792C197A6E000D3885 /* SupportViewController.swift in Sources */,
				B301DDC92D3A147400D2B3D3 /* TermsandConditionsInAppViewController.swift in Sources */,
				8FA188FE2C3D135700B2671C /* ToastView.swift in Sources */,
				B375B96F2C2186C7009C469E /* RideHistoryTableViewCell.swift in Sources */,
				B34961B62C0F0E9400216D15 /* GPSSettingViewController.swift in Sources */,
				B3EC1D372C75EAF700653CA0 /* EndTripViewController.swift in Sources */,
				B30E57212C2018220019CF01 /* BookACabTableViewCell.swift in Sources */,
				B3341EB82D128CAE0066BDD2 /* Debounce.swift in Sources */,
				B30318B42CB7EEED00CE1244 /* TimerManger.swift in Sources */,
				B32CF5B52C76114700D08883 /* RecentSearchesTableViewCell.swift in Sources */,
				B312CF6F2C196633000D3885 /* SideMenuTableViewCell.swift in Sources */,
				B3EE5DF52C0EE590000EE18F /* AppDelegate.swift in Sources */,
				B312CF752C197A41000D3885 /* RideHistoryViewController.swift in Sources */,
				B33CAE2F2D49F9C400984143 /* ShareAppViewController.swift in Sources */,
				B36B524E2D312033003AF434 /* BaseURL.swift in Sources */,
				9E486A8E2D396F9300C389D0 /* PrivacyPolicyViewController.swift in Sources */,
				B3EE5DF72C0EE590000EE18F /* SceneDelegate.swift in Sources */,
				B3A5A1612C1FFC9B004BED95 /* AboutTableViewCell.swift in Sources */,
				B3FD4A712C1C72B300D8FE3D /* EmergencyTableViewCell.swift in Sources */,
				8FCF9B292C4105E3005C026E /* BlurView.swift in Sources */,
				B301BA862CC244DF00E53276 /* SessionManager.swift in Sources */,
				B34985082D3A155D00383389 /* PrivacyPolicyInAppViewController.swift in Sources */,
				8F3737892C2A8C640007DFED /* RegistrationViewController.swift in Sources */,
				8F3228572C2565E000A46F3F /* RideConfirmViewController.swift in Sources */,
				B3A1AB062D78505000D1068D /* NetworkManager.swift in Sources */,
				B3EC105D2C2AC9C300A6511E /* RideHistoryDetailsViewController.swift in Sources */,
				8F016A942C35342D00FB8846 /* WelcomeViewController.swift in Sources */,
				B312CF732C197A33000D3885 /* ProfileViewController.swift in Sources */,
				B34961B12C0EE90700216D15 /* MobileNoViewController.swift in Sources */,
				B34961B82C0F2F6000216D15 /* MapViewController.swift in Sources */,
				B3ACA3D82D36600400984C7F /* LoginRegisterViewController.swift in Sources */,
				B312CF7B2C197A82000D3885 /* AboutViewController.swift in Sources */,
				B34E720A2C9AB46E00D80E83 /* yatriMitra.xcdatamodeld in Sources */,
				B3B0AFDE2C1C3E5500377EDD /* BookACabViewController.swift in Sources */,
				B34FD99C2C7DD40F008222B0 /* RideViewController.swift in Sources */,
				B312CF772C197A55000D3885 /* EmergencyViewController.swift in Sources */,
			);
			runOnlyForDeploymentPostprocessing = 0;
		};
		B3EE5E032C0EE591000EE18F /* Sources */ = {
			isa = PBXSourcesBuildPhase;
			buildActionMask = 2147483647;
			files = (
				B3EE5E0C2C0EE591000EE18F /* yatriMitraTests.swift in Sources */,
			);
			runOnlyForDeploymentPostprocessing = 0;
		};
		B3EE5E0D2C0EE591000EE18F /* Sources */ = {
			isa = PBXSourcesBuildPhase;
			buildActionMask = 2147483647;
			files = (
				B3EE5E182C0EE591000EE18F /* yatriMitraUITestsLaunchTests.swift in Sources */,
				B3EE5E162C0EE591000EE18F /* yatriMitraUITests.swift in Sources */,
			);
			runOnlyForDeploymentPostprocessing = 0;
		};
/* End PBXSourcesBuildPhase section */

/* Begin PBXTargetDependency section */
		B3EE5E092C0EE591000EE18F /* PBXTargetDependency */ = {
			isa = PBXTargetDependency;
			target = B3EE5DF02C0EE590000EE18F /* yatriMitra */;
			targetProxy = B3EE5E082C0EE591000EE18F /* PBXContainerItemProxy */;
		};
		B3EE5E132C0EE591000EE18F /* PBXTargetDependency */ = {
			isa = PBXTargetDependency;
			target = B3EE5DF02C0EE590000EE18F /* yatriMitra */;
			targetProxy = B3EE5E122C0EE591000EE18F /* PBXContainerItemProxy */;
		};
/* End PBXTargetDependency section */

/* Begin PBXVariantGroup section */
		B3EE5DFA2C0EE590000EE18F /* Main.storyboard */ = {
			isa = PBXVariantGroup;
			children = (
				B3EE5DFB2C0EE590000EE18F /* Base */,
			);
			name = Main.storyboard;
			sourceTree = "<group>";
		};
		B3EE5DFF2C0EE591000EE18F /* LaunchScreen.storyboard */ = {
			isa = PBXVariantGroup;
			children = (
				B3EE5E002C0EE591000EE18F /* Base */,
			);
			name = LaunchScreen.storyboard;
			sourceTree = "<group>";
		};
/* End PBXVariantGroup section */

/* Begin XCBuildConfiguration section */
		B3EE5E192C0EE591000EE18F /* Debug */ = {
			isa = XCBuildConfiguration;
			buildSettings = {
				ALWAYS_SEARCH_USER_PATHS = NO;
				ASSETCATALOG_COMPILER_GENERATE_SWIFT_ASSET_SYMBOL_EXTENSIONS = YES;
				CLANG_ANALYZER_NONNULL = YES;
				CLANG_ANALYZER_NUMBER_OBJECT_CONVERSION = YES_AGGRESSIVE;
				CLANG_CXX_LANGUAGE_STANDARD = "gnu++20";
				CLANG_ENABLE_MODULES = YES;
				CLANG_ENABLE_OBJC_ARC = YES;
				CLANG_ENABLE_OBJC_WEAK = YES;
				CLANG_WARN_BLOCK_CAPTURE_AUTORELEASING = YES;
				CLANG_WARN_BOOL_CONVERSION = YES;
				CLANG_WARN_COMMA = YES;
				CLANG_WARN_CONSTANT_CONVERSION = YES;
				CLANG_WARN_DEPRECATED_OBJC_IMPLEMENTATIONS = YES;
				CLANG_WARN_DIRECT_OBJC_ISA_USAGE = YES_ERROR;
				CLANG_WARN_DOCUMENTATION_COMMENTS = YES;
				CLANG_WARN_EMPTY_BODY = YES;
				CLANG_WARN_ENUM_CONVERSION = YES;
				CLANG_WARN_INFINITE_RECURSION = YES;
				CLANG_WARN_INT_CONVERSION = YES;
				CLANG_WARN_NON_LITERAL_NULL_CONVERSION = YES;
				CLANG_WARN_OBJC_IMPLICIT_RETAIN_SELF = YES;
				CLANG_WARN_OBJC_LITERAL_CONVERSION = YES;
				CLANG_WARN_OBJC_ROOT_CLASS = YES_ERROR;
				CLANG_WARN_QUOTED_INCLUDE_IN_FRAMEWORK_HEADER = YES;
				CLANG_WARN_RANGE_LOOP_ANALYSIS = YES;
				CLANG_WARN_STRICT_PROTOTYPES = YES;
				CLANG_WARN_SUSPICIOUS_MOVE = YES;
				CLANG_WARN_UNGUARDED_AVAILABILITY = YES_AGGRESSIVE;
				CLANG_WARN_UNREACHABLE_CODE = YES;
				CLANG_WARN__DUPLICATE_METHOD_MATCH = YES;
				COPY_PHASE_STRIP = NO;
				DEBUG_INFORMATION_FORMAT = dwarf;
				ENABLE_STRICT_OBJC_MSGSEND = YES;
				ENABLE_TESTABILITY = YES;
				ENABLE_USER_SCRIPT_SANDBOXING = YES;
				GCC_C_LANGUAGE_STANDARD = gnu17;
				GCC_DYNAMIC_NO_PIC = NO;
				GCC_NO_COMMON_BLOCKS = YES;
				GCC_OPTIMIZATION_LEVEL = 0;
				GCC_PREPROCESSOR_DEFINITIONS = (
					"DEBUG=1",
					"$(inherited)",
				);
				GCC_WARN_64_TO_32_BIT_CONVERSION = YES;
				GCC_WARN_ABOUT_RETURN_TYPE = YES_ERROR;
				GCC_WARN_UNDECLARED_SELECTOR = YES;
				GCC_WARN_UNINITIALIZED_AUTOS = YES_AGGRESSIVE;
				GCC_WARN_UNUSED_FUNCTION = YES;
				GCC_WARN_UNUSED_VARIABLE = YES;
				IPHONEOS_DEPLOYMENT_TARGET = 17.0;
				LOCALIZATION_PREFERS_STRING_CATALOGS = YES;
				MTL_ENABLE_DEBUG_INFO = INCLUDE_SOURCE;
				MTL_FAST_MATH = YES;
				ONLY_ACTIVE_ARCH = YES;
				SDKROOT = iphoneos;
				SWIFT_ACTIVE_COMPILATION_CONDITIONS = "DEBUG $(inherited)";
				SWIFT_OPTIMIZATION_LEVEL = "-Onone";
			};
			name = Debug;
		};
		B3EE5E1A2C0EE591000EE18F /* Release */ = {
			isa = XCBuildConfiguration;
			buildSettings = {
				ALWAYS_SEARCH_USER_PATHS = NO;
				ASSETCATALOG_COMPILER_GENERATE_SWIFT_ASSET_SYMBOL_EXTENSIONS = YES;
				CLANG_ANALYZER_NONNULL = YES;
				CLANG_ANALYZER_NUMBER_OBJECT_CONVERSION = YES_AGGRESSIVE;
				CLANG_CXX_LANGUAGE_STANDARD = "gnu++20";
				CLANG_ENABLE_MODULES = YES;
				CLANG_ENABLE_OBJC_ARC = YES;
				CLANG_ENABLE_OBJC_WEAK = YES;
				CLANG_WARN_BLOCK_CAPTURE_AUTORELEASING = YES;
				CLANG_WARN_BOOL_CONVERSION = YES;
				CLANG_WARN_COMMA = YES;
				CLANG_WARN_CONSTANT_CONVERSION = YES;
				CLANG_WARN_DEPRECATED_OBJC_IMPLEMENTATIONS = YES;
				CLANG_WARN_DIRECT_OBJC_ISA_USAGE = YES_ERROR;
				CLANG_WARN_DOCUMENTATION_COMMENTS = YES;
				CLANG_WARN_EMPTY_BODY = YES;
				CLANG_WARN_ENUM_CONVERSION = YES;
				CLANG_WARN_INFINITE_RECURSION = YES;
				CLANG_WARN_INT_CONVERSION = YES;
				CLANG_WARN_NON_LITERAL_NULL_CONVERSION = YES;
				CLANG_WARN_OBJC_IMPLICIT_RETAIN_SELF = YES;
				CLANG_WARN_OBJC_LITERAL_CONVERSION = YES;
				CLANG_WARN_OBJC_ROOT_CLASS = YES_ERROR;
				CLANG_WARN_QUOTED_INCLUDE_IN_FRAMEWORK_HEADER = YES;
				CLANG_WARN_RANGE_LOOP_ANALYSIS = YES;
				CLANG_WARN_STRICT_PROTOTYPES = YES;
				CLANG_WARN_SUSPICIOUS_MOVE = YES;
				CLANG_WARN_UNGUARDED_AVAILABILITY = YES_AGGRESSIVE;
				CLANG_WARN_UNREACHABLE_CODE = YES;
				CLANG_WARN__DUPLICATE_METHOD_MATCH = YES;
				COPY_PHASE_STRIP = NO;
				DEBUG_INFORMATION_FORMAT = "dwarf-with-dsym";
				ENABLE_NS_ASSERTIONS = NO;
				ENABLE_STRICT_OBJC_MSGSEND = YES;
				ENABLE_USER_SCRIPT_SANDBOXING = YES;
				GCC_C_LANGUAGE_STANDARD = gnu17;
				GCC_NO_COMMON_BLOCKS = YES;
				GCC_WARN_64_TO_32_BIT_CONVERSION = YES;
				GCC_WARN_ABOUT_RETURN_TYPE = YES_ERROR;
				GCC_WARN_UNDECLARED_SELECTOR = YES;
				GCC_WARN_UNINITIALIZED_AUTOS = YES_AGGRESSIVE;
				GCC_WARN_UNUSED_FUNCTION = YES;
				GCC_WARN_UNUSED_VARIABLE = YES;
				IPHONEOS_DEPLOYMENT_TARGET = 17.0;
				LOCALIZATION_PREFERS_STRING_CATALOGS = YES;
				MTL_ENABLE_DEBUG_INFO = NO;
				MTL_FAST_MATH = YES;
				SDKROOT = iphoneos;
				SWIFT_COMPILATION_MODE = wholemodule;
				VALIDATE_PRODUCT = YES;
			};
			name = Release;
		};
		B3EE5E1C2C0EE591000EE18F /* Debug */ = {
			isa = XCBuildConfiguration;
			baseConfigurationReference = B6470D65A86E2BD502104279 /* Pods-yatriMitra.debug.xcconfig */;
			buildSettings = {
				ASSETCATALOG_COMPILER_APPICON_NAME = AppIcon;
				ASSETCATALOG_COMPILER_GLOBAL_ACCENT_COLOR_NAME = AccentColor;
				CODE_SIGN_ENTITLEMENTS = yatriMitra/yatriMitra.entitlements;
				CODE_SIGN_STYLE = Automatic;
				CURRENT_PROJECT_VERSION = 1;
				DEBUG_INFORMATION_FORMAT = "dwarf-with-dsym";
				DEVELOPMENT_TEAM = C9NS4KGY3V;
				GENERATE_INFOPLIST_FILE = YES;
				INFOPLIST_FILE = yatriMitra/Info.plist;
				INFOPLIST_KEY_CFBundleDisplayName = "Yatri Mitra";
				INFOPLIST_KEY_LSApplicationCategoryType = UIApplicationSceneManifest;
				INFOPLIST_KEY_NSContactsUsageDescription = "We collect and upload certain personal data, such as name, or contact information, to our secure server to provide better service and improve user experience. This data is only used for sharing purposes. We do not share this data with third parties without your explicit consent.";
				INFOPLIST_KEY_NSLocationAlwaysAndWhenInUseUsageDescription = "This app needs permission for the correct usage ";
				INFOPLIST_KEY_NSLocationAlwaysUsageDescription = "We use your location even in the background to provide continuous ride updates and accurate drop-off services.";
				INFOPLIST_KEY_NSLocationUsageDescription = "This app needs permission for the correct usage ";
				INFOPLIST_KEY_NSLocationWhenInUseUsageDescription = "We use your location to help connect you with nearby drivers and provide real-time navigation for your ride. This allows us to accurately display your current location, calculate the best route, and provide an estimated arrival time for your ride.";
				INFOPLIST_KEY_NSMicrophoneUsageDescription = "The microphone is used for voice commands and in-app calling between passengers and drivers.";
				INFOPLIST_KEY_NSUserTrackingUsageDescription = "We use your data to track basic app usage and improve performance.";
				INFOPLIST_KEY_UIApplicationSupportsIndirectInputEvents = YES;
				INFOPLIST_KEY_UILaunchStoryboardName = LaunchScreen;
				INFOPLIST_KEY_UIMainStoryboardFile = Main;
				INFOPLIST_KEY_UISupportedInterfaceOrientations = UIInterfaceOrientationPortrait;
				INFOPLIST_KEY_UISupportedInterfaceOrientations_iPad = "UIInterfaceOrientationLandscapeLeft UIInterfaceOrientationLandscapeRight UIInterfaceOrientationPortrait UIInterfaceOrientationPortraitUpsideDown";
				INFOPLIST_KEY_UIUserInterfaceStyle = Light;
				IPHONEOS_DEPLOYMENT_TARGET = 15.6;
				LD_RUNPATH_SEARCH_PATHS = (
					"$(inherited)",
					"@executable_path/Frameworks",
				);
				MARKETING_VERSION = 22;
				ONLY_ACTIVE_ARCH = YES;
				PRODUCT_BUNDLE_IDENTIFIER = com.kaizen.yatriMitra;
				PRODUCT_NAME = "$(TARGET_NAME)";
				SWIFT_EMIT_LOC_STRINGS = YES;
				SWIFT_VERSION = 5.0;
				TARGETED_DEVICE_FAMILY = "1,2";
			};
			name = Debug;
		};
		B3EE5E1D2C0EE591000EE18F /* Release */ = {
			isa = XCBuildConfiguration;
			baseConfigurationReference = D18B2941A8634990DF79778C /* Pods-yatriMitra.release.xcconfig */;
			buildSettings = {
				ASSETCATALOG_COMPILER_APPICON_NAME = AppIcon;
				ASSETCATALOG_COMPILER_GLOBAL_ACCENT_COLOR_NAME = AccentColor;
				CODE_SIGN_ENTITLEMENTS = yatriMitra/yatriMitra.entitlements;
				CODE_SIGN_STYLE = Automatic;
				CURRENT_PROJECT_VERSION = 1;
				DEVELOPMENT_TEAM = C9NS4KGY3V;
				GENERATE_INFOPLIST_FILE = YES;
				INFOPLIST_FILE = yatriMitra/Info.plist;
				INFOPLIST_KEY_CFBundleDisplayName = "Yatri Mitra";
				INFOPLIST_KEY_LSApplicationCategoryType = UIApplicationSceneManifest;
				INFOPLIST_KEY_NSContactsUsageDescription = "We collect and upload certain personal data, such as name, or contact information, to our secure server to provide better service and improve user experience. This data is only used for sharing purposes. We do not share this data with third parties without your explicit consent.";
				INFOPLIST_KEY_NSLocationAlwaysAndWhenInUseUsageDescription = "This app needs permission for the correct usage ";
				INFOPLIST_KEY_NSLocationAlwaysUsageDescription = "We use your location even in the background to provide continuous ride updates and accurate drop-off services.";
				INFOPLIST_KEY_NSLocationUsageDescription = "This app needs permission for the correct usage ";
				INFOPLIST_KEY_NSLocationWhenInUseUsageDescription = "We use your location to help connect you with nearby drivers and provide real-time navigation for your ride. This allows us to accurately display your current location, calculate the best route, and provide an estimated arrival time for your ride.";
				INFOPLIST_KEY_NSMicrophoneUsageDescription = "The microphone is used for voice commands and in-app calling between passengers and drivers.";
				INFOPLIST_KEY_NSUserTrackingUsageDescription = "We use your data to track basic app usage and improve performance.";
				INFOPLIST_KEY_UIApplicationSupportsIndirectInputEvents = YES;
				INFOPLIST_KEY_UILaunchStoryboardName = LaunchScreen;
				INFOPLIST_KEY_UIMainStoryboardFile = Main;
				INFOPLIST_KEY_UISupportedInterfaceOrientations = UIInterfaceOrientationPortrait;
				INFOPLIST_KEY_UISupportedInterfaceOrientations_iPad = "UIInterfaceOrientationLandscapeLeft UIInterfaceOrientationLandscapeRight UIInterfaceOrientationPortrait UIInterfaceOrientationPortraitUpsideDown";
				INFOPLIST_KEY_UIUserInterfaceStyle = Light;
				IPHONEOS_DEPLOYMENT_TARGET = 15.6;
				LD_RUNPATH_SEARCH_PATHS = (
					"$(inherited)",
					"@executable_path/Frameworks",
				);
				MARKETING_VERSION = 22;
				PRODUCT_BUNDLE_IDENTIFIER = com.kaizen.yatriMitra;
				PRODUCT_NAME = "$(TARGET_NAME)";
				SWIFT_EMIT_LOC_STRINGS = YES;
				SWIFT_VERSION = 5.0;
				TARGETED_DEVICE_FAMILY = "1,2";
			};
			name = Release;
		};
		B3EE5E1F2C0EE591000EE18F /* Debug */ = {
			isa = XCBuildConfiguration;
			baseConfigurationReference = F7DA990A011F85F2FC2C7EBB /* Pods-yatriMitraTests.debug.xcconfig */;
			buildSettings = {
				ALWAYS_EMBED_SWIFT_STANDARD_LIBRARIES = YES;
				BUNDLE_LOADER = "$(TEST_HOST)";
				CODE_SIGN_STYLE = Automatic;
				CURRENT_PROJECT_VERSION = 1;
				DEVELOPMENT_TEAM = C9NS4KGY3V;
				GENERATE_INFOPLIST_FILE = YES;
				IPHONEOS_DEPLOYMENT_TARGET = 17.0;
				MARKETING_VERSION = 1.0;
				PRODUCT_BUNDLE_IDENTIFIER = com.kaizen.yatriMitraTests;
				PRODUCT_NAME = "$(TARGET_NAME)";
				SWIFT_EMIT_LOC_STRINGS = NO;
				SWIFT_VERSION = 5.0;
				TARGETED_DEVICE_FAMILY = "1,2";
				TEST_HOST = "$(BUILT_PRODUCTS_DIR)/yatriMitra.app/$(BUNDLE_EXECUTABLE_FOLDER_PATH)/yatriMitra";
			};
			name = Debug;
		};
		B3EE5E202C0EE591000EE18F /* Release */ = {
			isa = XCBuildConfiguration;
			baseConfigurationReference = 214961BD89E4B4216E1C0B95 /* Pods-yatriMitraTests.release.xcconfig */;
			buildSettings = {
				ALWAYS_EMBED_SWIFT_STANDARD_LIBRARIES = YES;
				BUNDLE_LOADER = "$(TEST_HOST)";
				CODE_SIGN_STYLE = Automatic;
				CURRENT_PROJECT_VERSION = 1;
				DEVELOPMENT_TEAM = C9NS4KGY3V;
				GENERATE_INFOPLIST_FILE = YES;
				IPHONEOS_DEPLOYMENT_TARGET = 17.0;
				MARKETING_VERSION = 1.0;
				PRODUCT_BUNDLE_IDENTIFIER = com.kaizen.yatriMitraTests;
				PRODUCT_NAME = "$(TARGET_NAME)";
				SWIFT_EMIT_LOC_STRINGS = NO;
				SWIFT_VERSION = 5.0;
				TARGETED_DEVICE_FAMILY = "1,2";
				TEST_HOST = "$(BUILT_PRODUCTS_DIR)/yatriMitra.app/$(BUNDLE_EXECUTABLE_FOLDER_PATH)/yatriMitra";
			};
			name = Release;
		};
		B3EE5E222C0EE591000EE18F /* Debug */ = {
			isa = XCBuildConfiguration;
			baseConfigurationReference = D825D875C765D6C49D8F0B7C /* Pods-yatriMitra-yatriMitraUITests.debug.xcconfig */;
			buildSettings = {
				ALWAYS_EMBED_SWIFT_STANDARD_LIBRARIES = YES;
				CODE_SIGN_STYLE = Automatic;
				CURRENT_PROJECT_VERSION = 1;
				DEVELOPMENT_TEAM = C9NS4KGY3V;
				GENERATE_INFOPLIST_FILE = YES;
				MARKETING_VERSION = 1.0;
				PRODUCT_BUNDLE_IDENTIFIER = com.kaizen.yatriMitraUITests;
				PRODUCT_NAME = "$(TARGET_NAME)";
				SWIFT_EMIT_LOC_STRINGS = NO;
				SWIFT_VERSION = 5.0;
				TARGETED_DEVICE_FAMILY = "1,2";
				TEST_TARGET_NAME = yatriMitra;
			};
			name = Debug;
		};
		B3EE5E232C0EE591000EE18F /* Release */ = {
			isa = XCBuildConfiguration;
			baseConfigurationReference = 7B94ED903F85D4ED29C69257 /* Pods-yatriMitra-yatriMitraUITests.release.xcconfig */;
			buildSettings = {
				ALWAYS_EMBED_SWIFT_STANDARD_LIBRARIES = YES;
				CODE_SIGN_STYLE = Automatic;
				CURRENT_PROJECT_VERSION = 1;
				DEVELOPMENT_TEAM = C9NS4KGY3V;
				GENERATE_INFOPLIST_FILE = YES;
				MARKETING_VERSION = 1.0;
				PRODUCT_BUNDLE_IDENTIFIER = com.kaizen.yatriMitraUITests;
				PRODUCT_NAME = "$(TARGET_NAME)";
				SWIFT_EMIT_LOC_STRINGS = NO;
				SWIFT_VERSION = 5.0;
				TARGETED_DEVICE_FAMILY = "1,2";
				TEST_TARGET_NAME = yatriMitra;
			};
			name = Release;
		};
/* End XCBuildConfiguration section */

/* Begin XCConfigurationList section */
		B3EE5DEC2C0EE590000EE18F /* Build configuration list for PBXProject "yatriMitra" */ = {
			isa = XCConfigurationList;
			buildConfigurations = (
				B3EE5E192C0EE591000EE18F /* Debug */,
				B3EE5E1A2C0EE591000EE18F /* Release */,
			);
			defaultConfigurationIsVisible = 0;
			defaultConfigurationName = Release;
		};
		B3EE5E1B2C0EE591000EE18F /* Build configuration list for PBXNativeTarget "yatriMitra" */ = {
			isa = XCConfigurationList;
			buildConfigurations = (
				B3EE5E1C2C0EE591000EE18F /* Debug */,
				B3EE5E1D2C0EE591000EE18F /* Release */,
			);
			defaultConfigurationIsVisible = 0;
			defaultConfigurationName = Release;
		};
		B3EE5E1E2C0EE591000EE18F /* Build configuration list for PBXNativeTarget "yatriMitraTests" */ = {
			isa = XCConfigurationList;
			buildConfigurations = (
				B3EE5E1F2C0EE591000EE18F /* Debug */,
				B3EE5E202C0EE591000EE18F /* Release */,
			);
			defaultConfigurationIsVisible = 0;
			defaultConfigurationName = Release;
		};
		B3EE5E212C0EE591000EE18F /* Build configuration list for PBXNativeTarget "yatriMitraUITests" */ = {
			isa = XCConfigurationList;
			buildConfigurations = (
				B3EE5E222C0EE591000EE18F /* Debug */,
				B3EE5E232C0EE591000EE18F /* Release */,
			);
			defaultConfigurationIsVisible = 0;
			defaultConfigurationName = Release;
		};
/* End XCConfigurationList section */

/* Begin XCRemoteSwiftPackageReference section */
		8FC1DE722E16A48400C9DCE8 /* XCRemoteSwiftPackageReference "facebook-ios-sdk" */ = {
			isa = XCRemoteSwiftPackageReference;
			repositoryURL = "https://github.com/facebook/facebook-ios-sdk";
			requirement = {
				kind = upToNextMajorVersion;
				minimumVersion = 18.0.0;
			};
		};
		B317DAFB2DA522640013F6F7 /* XCRemoteSwiftPackageReference "lottie-ios" */ = {
			isa = XCRemoteSwiftPackageReference;
			repositoryURL = "https://github.com/airbnb/lottie-ios.git";
			requirement = {
				kind = upToNextMajorVersion;
				minimumVersion = 4.5.1;
			};
		};
		B35340682DA52D750040E0E5 /* XCRemoteSwiftPackageReference "Alamofire" */ = {
			isa = XCRemoteSwiftPackageReference;
			repositoryURL = "https://github.com/Alamofire/Alamofire.git";
			requirement = {
				kind = upToNextMajorVersion;
				minimumVersion = 5.10.2;
			};
		};
		B3C94A082DA5194E00C90B0F /* XCRemoteSwiftPackageReference "ios-maps-sdk" */ = {
			isa = XCRemoteSwiftPackageReference;
			repositoryURL = "https://github.com/googlemaps/ios-maps-sdk";
			requirement = {
				kind = upToNextMajorVersion;
				minimumVersion = 9.4.0;
			};
		};
		B3C94A102DA5199300C90B0F /* XCRemoteSwiftPackageReference "firebase-ios-sdk" */ = {
			isa = XCRemoteSwiftPackageReference;
			repositoryURL = "https://github.com/firebase/firebase-ios-sdk";
			requirement = {
				kind = upToNextMajorVersion;
				minimumVersion = 11.11.0;
			};
		};
		B3C94A112DA519BF00C90B0F /* XCRemoteSwiftPackageReference "ios-places-sdk" */ = {
			isa = XCRemoteSwiftPackageReference;
			repositoryURL = "https://github.com/googlemaps/ios-places-sdk";
			requirement = {
				kind = upToNextMajorVersion;
				minimumVersion = 9.4.1;
			};
		};
		B3C94A142DA519DA00C90B0F /* XCRemoteSwiftPackageReference "dotlottie-ios" */ = {
			isa = XCRemoteSwiftPackageReference;
			repositoryURL = "https://github.com/LottieFiles/dotlottie-ios";
			requirement = {
				branch = main;
				kind = branch;
			};
		};
/* End XCRemoteSwiftPackageReference section */

/* Begin XCSwiftPackageProductDependency section */
		8FC1DE732E16A48400C9DCE8 /* FacebookCore */ = {
			isa = XCSwiftPackageProductDependency;
			package = 8FC1DE722E16A48400C9DCE8 /* XCRemoteSwiftPackageReference "facebook-ios-sdk" */;
			productName = FacebookCore;
		};
		8FC1DE752E16A48400C9DCE8 /* FacebookLogin */ = {
			isa = XCSwiftPackageProductDependency;
			package = 8FC1DE722E16A48400C9DCE8 /* XCRemoteSwiftPackageReference "facebook-ios-sdk" */;
			productName = FacebookLogin;
		};
		8FC1DE772E16A48400C9DCE8 /* FacebookShare */ = {
			isa = XCSwiftPackageProductDependency;
			package = 8FC1DE722E16A48400C9DCE8 /* XCRemoteSwiftPackageReference "facebook-ios-sdk" */;
			productName = FacebookShare;
		};
		B323DCD42DA5247C00D7B127 /* FirebaseAnalytics */ = {
			isa = XCSwiftPackageProductDependency;
			package = B3C94A102DA5199300C90B0F /* XCRemoteSwiftPackageReference "firebase-ios-sdk" */;
			productName = FirebaseAnalytics;
		};
		B323DCD62DA5247C00D7B127 /* FirebaseAnalyticsOnDeviceConversion */ = {
			isa = XCSwiftPackageProductDependency;
			package = B3C94A102DA5199300C90B0F /* XCRemoteSwiftPackageReference "firebase-ios-sdk" */;
			productName = FirebaseAnalyticsOnDeviceConversion;
		};
		B323DCD82DA5247C00D7B127 /* FirebaseAnalyticsWithoutAdIdSupport */ = {
			isa = XCSwiftPackageProductDependency;
			package = B3C94A102DA5199300C90B0F /* XCRemoteSwiftPackageReference "firebase-ios-sdk" */;
			productName = FirebaseAnalyticsWithoutAdIdSupport;
		};
		B323DCDA2DA5247C00D7B127 /* FirebaseAppCheck */ = {
			isa = XCSwiftPackageProductDependency;
			package = B3C94A102DA5199300C90B0F /* XCRemoteSwiftPackageReference "firebase-ios-sdk" */;
			productName = FirebaseAppCheck;
		};
		B323DCDC2DA5247C00D7B127 /* FirebaseAppDistribution-Beta */ = {
			isa = XCSwiftPackageProductDependency;
			package = B3C94A102DA5199300C90B0F /* XCRemoteSwiftPackageReference "firebase-ios-sdk" */;
			productName = "FirebaseAppDistribution-Beta";
		};
		B323DCDE2DA5247C00D7B127 /* FirebaseAuth */ = {
			isa = XCSwiftPackageProductDependency;
			package = B3C94A102DA5199300C90B0F /* XCRemoteSwiftPackageReference "firebase-ios-sdk" */;
			productName = FirebaseAuth;
		};
		B323DCE02DA5247C00D7B127 /* FirebaseAuthCombine-Community */ = {
			isa = XCSwiftPackageProductDependency;
			package = B3C94A102DA5199300C90B0F /* XCRemoteSwiftPackageReference "firebase-ios-sdk" */;
			productName = "FirebaseAuthCombine-Community";
		};
		B323DCE22DA5247C00D7B127 /* FirebaseCore */ = {
			isa = XCSwiftPackageProductDependency;
			package = B3C94A102DA5199300C90B0F /* XCRemoteSwiftPackageReference "firebase-ios-sdk" */;
			productName = FirebaseCore;
		};
		B323DCE42DA5247C00D7B127 /* FirebaseCrashlytics */ = {
			isa = XCSwiftPackageProductDependency;
			package = B3C94A102DA5199300C90B0F /* XCRemoteSwiftPackageReference "firebase-ios-sdk" */;
			productName = FirebaseCrashlytics;
		};
		B323DCE62DA5247C00D7B127 /* FirebaseDatabase */ = {
			isa = XCSwiftPackageProductDependency;
			package = B3C94A102DA5199300C90B0F /* XCRemoteSwiftPackageReference "firebase-ios-sdk" */;
			productName = FirebaseDatabase;
		};
		B323DCE82DA5247C00D7B127 /* FirebaseDynamicLinks */ = {
			isa = XCSwiftPackageProductDependency;
			package = B3C94A102DA5199300C90B0F /* XCRemoteSwiftPackageReference "firebase-ios-sdk" */;
			productName = FirebaseDynamicLinks;
		};
		B323DCEA2DA5247C00D7B127 /* FirebaseFirestore */ = {
			isa = XCSwiftPackageProductDependency;
			package = B3C94A102DA5199300C90B0F /* XCRemoteSwiftPackageReference "firebase-ios-sdk" */;
			productName = FirebaseFirestore;
		};
		B323DCEC2DA5247C00D7B127 /* FirebaseFirestoreCombine-Community */ = {
			isa = XCSwiftPackageProductDependency;
			package = B3C94A102DA5199300C90B0F /* XCRemoteSwiftPackageReference "firebase-ios-sdk" */;
			productName = "FirebaseFirestoreCombine-Community";
		};
		B323DCEE2DA5247C00D7B127 /* FirebaseFunctions */ = {
			isa = XCSwiftPackageProductDependency;
			package = B3C94A102DA5199300C90B0F /* XCRemoteSwiftPackageReference "firebase-ios-sdk" */;
			productName = FirebaseFunctions;
		};
		B323DCF02DA5247C00D7B127 /* FirebaseFunctionsCombine-Community */ = {
			isa = XCSwiftPackageProductDependency;
			package = B3C94A102DA5199300C90B0F /* XCRemoteSwiftPackageReference "firebase-ios-sdk" */;
			productName = "FirebaseFunctionsCombine-Community";
		};
		B323DCF22DA5247C00D7B127 /* FirebaseInAppMessaging-Beta */ = {
			isa = XCSwiftPackageProductDependency;
			package = B3C94A102DA5199300C90B0F /* XCRemoteSwiftPackageReference "firebase-ios-sdk" */;
			productName = "FirebaseInAppMessaging-Beta";
		};
		B323DCF42DA5247C00D7B127 /* FirebaseInstallations */ = {
			isa = XCSwiftPackageProductDependency;
			package = B3C94A102DA5199300C90B0F /* XCRemoteSwiftPackageReference "firebase-ios-sdk" */;
			productName = FirebaseInstallations;
		};
		B323DCF62DA5247D00D7B127 /* FirebaseMLModelDownloader */ = {
			isa = XCSwiftPackageProductDependency;
			package = B3C94A102DA5199300C90B0F /* XCRemoteSwiftPackageReference "firebase-ios-sdk" */;
			productName = FirebaseMLModelDownloader;
		};
		B323DCF82DA5247D00D7B127 /* FirebaseMessaging */ = {
			isa = XCSwiftPackageProductDependency;
			package = B3C94A102DA5199300C90B0F /* XCRemoteSwiftPackageReference "firebase-ios-sdk" */;
			productName = FirebaseMessaging;
		};
		B323DCFA2DA5247D00D7B127 /* FirebasePerformance */ = {
			isa = XCSwiftPackageProductDependency;
			package = B3C94A102DA5199300C90B0F /* XCRemoteSwiftPackageReference "firebase-ios-sdk" */;
			productName = FirebasePerformance;
		};
		B323DCFC2DA5247D00D7B127 /* FirebaseRemoteConfig */ = {
			isa = XCSwiftPackageProductDependency;
			package = B3C94A102DA5199300C90B0F /* XCRemoteSwiftPackageReference "firebase-ios-sdk" */;
			productName = FirebaseRemoteConfig;
		};
		B323DCFE2DA5247D00D7B127 /* FirebaseStorage */ = {
			isa = XCSwiftPackageProductDependency;
			package = B3C94A102DA5199300C90B0F /* XCRemoteSwiftPackageReference "firebase-ios-sdk" */;
			productName = FirebaseStorage;
		};
		B323DD002DA5247D00D7B127 /* FirebaseStorageCombine-Community */ = {
			isa = XCSwiftPackageProductDependency;
			package = B3C94A102DA5199300C90B0F /* XCRemoteSwiftPackageReference "firebase-ios-sdk" */;
			productName = "FirebaseStorageCombine-Community";
		};
		B323DD022DA5247D00D7B127 /* FirebaseVertexAI */ = {
			isa = XCSwiftPackageProductDependency;
			package = B3C94A102DA5199300C90B0F /* XCRemoteSwiftPackageReference "firebase-ios-sdk" */;
			productName = FirebaseVertexAI;
		};
		B35340692DA52D750040E0E5 /* Alamofire */ = {
			isa = XCSwiftPackageProductDependency;
			package = B35340682DA52D750040E0E5 /* XCRemoteSwiftPackageReference "Alamofire" */;
			productName = Alamofire;
		};
		B3C94A092DA5194E00C90B0F /* GoogleMaps */ = {
			isa = XCSwiftPackageProductDependency;
			package = B3C94A082DA5194E00C90B0F /* XCRemoteSwiftPackageReference "ios-maps-sdk" */;
			productName = GoogleMaps;
		};
		B3C94A122DA519BF00C90B0F /* GooglePlaces */ = {
			isa = XCSwiftPackageProductDependency;
			package = B3C94A112DA519BF00C90B0F /* XCRemoteSwiftPackageReference "ios-places-sdk" */;
			productName = GooglePlaces;
		};
		B3C94A152DA519DA00C90B0F /* DotLottie */ = {
			isa = XCSwiftPackageProductDependency;
			package = B3C94A142DA519DA00C90B0F /* XCRemoteSwiftPackageReference "dotlottie-ios" */;
			productName = DotLottie;
		};
		B3D1AD4C2DA5275C003FD30C /* Lottie */ = {
			isa = XCSwiftPackageProductDependency;
			package = B317DAFB2DA522640013F6F7 /* XCRemoteSwiftPackageReference "lottie-ios" */;
			productName = Lottie;
		};
/* End XCSwiftPackageProductDependency section */

/* Begin XCVersionGroup section */
		B34E72082C9AB46E00D80E83 /* yatriMitra.xcdatamodeld */ = {
			isa = XCVersionGroup;
			children = (
				B34E72092C9AB46E00D80E83 /* yatriMitra.xcdatamodel */,
			);
			currentVersion = B34E72092C9AB46E00D80E83 /* yatriMitra.xcdatamodel */;
			path = yatriMitra.xcdatamodeld;
			sourceTree = "<group>";
			versionGroupType = wrapper.xcdatamodel;
		};
/* End XCVersionGroup section */
	};
	rootObject = B3EE5DE92C0EE590000EE18F /* Project object */;
}
